// !$*UTF8*$!
{
	archiveVersion = 1;
	classes = {
	};
	objectVersion = 50;
	objects = {

/* Begin PBXFileReference section */
		2905F11F264AD273001B4A56 /* NGJointControl.h */ = {isa = PBXFileReference; lastKnownFileType = sourcecode.c.h; path = NGJointControl.h; sourceTree = "<group>"; };
		2905F120264AD58E001B4A56 /* NGJointControl.cpp */ = {isa = PBXFileReference; lastKnownFileType = sourcecode.cpp.cpp; path = NGJointControl.cpp; sourceTree = "<group>"; };
		2905F121264D385A001B4A56 /* NGUnitControl.h */ = {isa = PBXFileReference; lastKnownFileType = sourcecode.c.h; path = NGUnitControl.h; sourceTree = "<group>"; };
		2905F125264F0143001B4A56 /* stop.ino */ = {isa = PBXFileReference; lastKnownFileType = text; path = stop.ino; sourceTree = "<group>"; };
		290A819F27FF3091007E7BC9 /* bonsai.png */ = {isa = PBXFileReference; lastKnownFileType = image.png; path = bonsai.png; sourceTree = "<group>"; };
		290A81A027FF32F1007E7BC9 /* irrigationsystemD0.png */ = {isa = PBXFileReference; lastKnownFileType = image.png; path = irrigationsystemD0.png; sourceTree = "<group>"; };
		290A81A128030A64007E7BC9 /* irrigationsystemD1.png */ = {isa = PBXFileReference; lastKnownFileType = image.png; path = irrigationsystemD1.png; sourceTree = "<group>"; };
		291070DF2A24EAE500ECFC2E /* speedyF2.png */ = {isa = PBXFileReference; lastKnownFileType = image.png; path = speedyF2.png; sourceTree = "<group>"; };
		2913C92D26FBBAE300D0AFC6 /* ToDo.txt */ = {isa = PBXFileReference; lastKnownFileType = text; path = ToDo.txt; sourceTree = "<group>"; };
		2913C92F26FF357300D0AFC6 /* NGSoundMachine.cpp */ = {isa = PBXFileReference; lastKnownFileType = sourcecode.cpp.cpp; path = NGSoundMachine.cpp; sourceTree = "<group>"; };
		2913C93026FF357300D0AFC6 /* NGSoundMachine.h */ = {isa = PBXFileReference; lastKnownFileType = sourcecode.c.h; path = NGSoundMachine.h; sourceTree = "<group>"; };
		2913C93126FF3D8D00D0AFC6 /* NGCustomJingle.cpp */ = {isa = PBXFileReference; lastKnownFileType = sourcecode.cpp.cpp; path = NGCustomJingle.cpp; sourceTree = "<group>"; };
		2913C93226FF3D8E00D0AFC6 /* NGCustomJingle.h */ = {isa = PBXFileReference; lastKnownFileType = sourcecode.c.h; path = NGCustomJingle.h; sourceTree = "<group>"; };
		2913C93326FF434A00D0AFC6 /* NGJingleGorilla.cpp */ = {isa = PBXFileReference; lastKnownFileType = sourcecode.cpp.cpp; path = NGJingleGorilla.cpp; sourceTree = "<group>"; };
		2913C93426FF434A00D0AFC6 /* NGJingleGorilla.h */ = {isa = PBXFileReference; lastKnownFileType = sourcecode.c.h; path = NGJingleGorilla.h; sourceTree = "<group>"; };
		2913C93B26FF687E00D0AFC6 /* NGJinglePopcorn.cpp */ = {isa = PBXFileReference; lastKnownFileType = sourcecode.cpp.cpp; path = NGJinglePopcorn.cpp; sourceTree = "<group>"; };
		2913C93C26FF687E00D0AFC6 /* NGJinglePopcorn.h */ = {isa = PBXFileReference; lastKnownFileType = sourcecode.c.h; path = NGJinglePopcorn.h; sourceTree = "<group>"; };
		2913C93D26FF6ABF00D0AFC6 /* NGJingleSuperMario.cpp */ = {isa = PBXFileReference; lastKnownFileType = sourcecode.cpp.cpp; path = NGJingleSuperMario.cpp; sourceTree = "<group>"; };
		2913C93E26FF6ABF00D0AFC6 /* NGJingleSuperMario.h */ = {isa = PBXFileReference; lastKnownFileType = sourcecode.c.h; path = NGJingleSuperMario.h; sourceTree = "<group>"; };
		2913C941270054DD00D0AFC6 /* NGJingleSuperMarioShort.cpp */ = {isa = PBXFileReference; lastKnownFileType = sourcecode.cpp.cpp; path = NGJingleSuperMarioShort.cpp; sourceTree = "<group>"; };
		2913C942270054DD00D0AFC6 /* NGJingleSuperMarioShort.h */ = {isa = PBXFileReference; lastKnownFileType = sourcecode.c.h; path = NGJingleSuperMarioShort.h; sourceTree = "<group>"; };
		2913C943270077AE00D0AFC6 /* NGJingleHelloDude.cpp */ = {isa = PBXFileReference; lastKnownFileType = sourcecode.cpp.cpp; path = NGJingleHelloDude.cpp; sourceTree = "<group>"; };
		2913C944270077AE00D0AFC6 /* NGJingleHelloDude.h */ = {isa = PBXFileReference; lastKnownFileType = sourcecode.c.h; path = NGJingleHelloDude.h; sourceTree = "<group>"; };
		2913C94527007BB200D0AFC6 /* NGJingleAlarm.cpp */ = {isa = PBXFileReference; lastKnownFileType = sourcecode.cpp.cpp; path = NGJingleAlarm.cpp; sourceTree = "<group>"; };
		2913C94627007BB200D0AFC6 /* NGJingleAlarm.h */ = {isa = PBXFileReference; lastKnownFileType = sourcecode.c.h; path = NGJingleAlarm.h; sourceTree = "<group>"; };
		2913C94827018CD900D0AFC6 /* NGLightSensor.cpp */ = {isa = PBXFileReference; lastKnownFileType = sourcecode.cpp.cpp; path = NGLightSensor.cpp; sourceTree = "<group>"; };
		2913C94927018CD900D0AFC6 /* NGLightSensor.h */ = {isa = PBXFileReference; lastKnownFileType = sourcecode.c.h; path = NGLightSensor.h; sourceTree = "<group>"; };
		2913C94C2702DE1500D0AFC6 /* NGFlashingLight.cpp */ = {isa = PBXFileReference; lastKnownFileType = sourcecode.cpp.cpp; path = NGFlashingLight.cpp; sourceTree = "<group>"; };
		2913C94D2702DE1500D0AFC6 /* NGFlashingLight.h */ = {isa = PBXFileReference; lastKnownFileType = sourcecode.c.h; path = NGFlashingLight.h; sourceTree = "<group>"; };
		2913C94E27033B8600D0AFC6 /* NGMotionUnitControl.cpp */ = {isa = PBXFileReference; lastKnownFileType = sourcecode.cpp.cpp; path = NGMotionUnitControl.cpp; sourceTree = "<group>"; };
		2913C94F27033B8600D0AFC6 /* NGMotionUnitControl.h */ = {isa = PBXFileReference; lastKnownFileType = sourcecode.c.h; path = NGMotionUnitControl.h; sourceTree = "<group>"; };
		29165F3125496946001D9497 /* profile1.ino */ = {isa = PBXFileReference; lastKnownFileType = text; path = profile1.ino; sourceTree = "<group>"; };
		29165F32254B5C14001D9497 /* profile2.ino */ = {isa = PBXFileReference; lastKnownFileType = text; path = profile2.ino; sourceTree = "<group>"; };
		2917D44F28DBB7430004FDD6 /* WirelessRemoteG0.png */ = {isa = PBXFileReference; lastKnownFileType = image.png; path = WirelessRemoteG0.png; sourceTree = "<group>"; };
		2917D45128DBBC440004FDD6 /* Pages.txt */ = {isa = PBXFileReference; lastKnownFileType = text; path = Pages.txt; sourceTree = "<group>"; };
		29232B392779D44C00B85C8E /* NGDuoLED.cpp */ = {isa = PBXFileReference; lastKnownFileType = sourcecode.cpp.cpp; path = NGDuoLED.cpp; sourceTree = "<group>"; };
		29232B3A2779D44C00B85C8E /* NGDuoLED.h */ = {isa = PBXFileReference; lastKnownFileType = sourcecode.c.h; path = NGDuoLED.h; sourceTree = "<group>"; };
		29232B3C2779D56800B85C8E /* duoLED.ino */ = {isa = PBXFileReference; lastKnownFileType = text; path = duoLED.ino; sourceTree = "<group>"; };
		29232B3D2779EEC800B85C8E /* buggyC3.png */ = {isa = PBXFileReference; lastKnownFileType = image.png; path = buggyC3.png; sourceTree = "<group>"; };
		29232B3E277A0FB300B85C8E /* NGTemperatureSensor.cpp */ = {isa = PBXFileReference; lastKnownFileType = sourcecode.cpp.cpp; path = NGTemperatureSensor.cpp; sourceTree = "<group>"; };
		29232B3F277A0FB300B85C8E /* NGTemperatureSensor.h */ = {isa = PBXFileReference; lastKnownFileType = sourcecode.c.h; path = NGTemperatureSensor.h; sourceTree = "<group>"; };
		29232B41277A144100B85C8E /* temperaturesensor.ino */ = {isa = PBXFileReference; lastKnownFileType = text; path = temperaturesensor.ino; sourceTree = "<group>"; };
		29232B42277A17B800B85C8E /* NGStrings.cpp */ = {isa = PBXFileReference; lastKnownFileType = sourcecode.cpp.cpp; path = NGStrings.cpp; sourceTree = "<group>"; };
		29232B43277A17B800B85C8E /* NGStrings.h */ = {isa = PBXFileReference; lastKnownFileType = sourcecode.c.h; path = NGStrings.h; sourceTree = "<group>"; };
		29232B44277CBE6D00B85C8E /* NGRelaisControl.cpp */ = {isa = PBXFileReference; lastKnownFileType = sourcecode.cpp.cpp; path = NGRelaisControl.cpp; sourceTree = "<group>"; };
		29232B45277CBE6D00B85C8E /* NGRelaisControl.h */ = {isa = PBXFileReference; lastKnownFileType = sourcecode.c.h; path = NGRelaisControl.h; sourceTree = "<group>"; };
		29232B47277CBFE800B85C8E /* relaiscontrol.ino */ = {isa = PBXFileReference; lastKnownFileType = text; path = relaiscontrol.ino; sourceTree = "<group>"; };
		29232B49277D87A100B85C8E /* NGRealTimeClock.cpp */ = {isa = PBXFileReference; lastKnownFileType = sourcecode.cpp.cpp; path = NGRealTimeClock.cpp; sourceTree = "<group>"; };
		29232B4A277D87A100B85C8E /* NGRealTimeClock.h */ = {isa = PBXFileReference; lastKnownFileType = sourcecode.c.h; path = NGRealTimeClock.h; sourceTree = "<group>"; };
		29232B4C277D8BEA00B85C8E /* realtimeclock.ino */ = {isa = PBXFileReference; lastKnownFileType = text; path = realtimeclock.ino; sourceTree = "<group>"; };
		29232B4D277F587B00B85C8E /* NGJingleMorseDit.cpp */ = {isa = PBXFileReference; lastKnownFileType = sourcecode.cpp.cpp; path = NGJingleMorseDit.cpp; sourceTree = "<group>"; };
		29232B4E277F587B00B85C8E /* NGJingleMorseDit.h */ = {isa = PBXFileReference; lastKnownFileType = sourcecode.c.h; path = NGJingleMorseDit.h; sourceTree = "<group>"; };
		29232B4F277F6F0300B85C8E /* NGJingleMorseDah.cpp */ = {isa = PBXFileReference; lastKnownFileType = sourcecode.cpp.cpp; path = NGJingleMorseDah.cpp; sourceTree = "<group>"; };
		29232B50277F6F0300B85C8E /* NGJingleMorseDah.h */ = {isa = PBXFileReference; lastKnownFileType = sourcecode.c.h; path = NGJingleMorseDah.h; sourceTree = "<group>"; };
		29232B512780858200B85C8E /* NGJingleMorseBreakLetter.cpp */ = {isa = PBXFileReference; lastKnownFileType = sourcecode.cpp.cpp; path = NGJingleMorseBreakLetter.cpp; sourceTree = "<group>"; };
		29232B522780858200B85C8E /* NGJingleMorseBreakLetter.h */ = {isa = PBXFileReference; lastKnownFileType = sourcecode.c.h; path = NGJingleMorseBreakLetter.h; sourceTree = "<group>"; };
		29232B542780C83A00B85C8E /* NGJingleMorseBreakWord.cpp */ = {isa = PBXFileReference; lastKnownFileType = sourcecode.cpp.cpp; path = NGJingleMorseBreakWord.cpp; sourceTree = "<group>"; };
		29232B552780C83A00B85C8E /* NGJingleMorseBreakWord.h */ = {isa = PBXFileReference; lastKnownFileType = sourcecode.c.h; path = NGJingleMorseBreakWord.h; sourceTree = "<group>"; };
		29232B572780CB8B00B85C8E /* morsetonegenerator.ino */ = {isa = PBXFileReference; lastKnownFileType = text; path = morsetonegenerator.ino; sourceTree = "<group>"; };
		29232B582780CBB200B85C8E /* NGMorseToneGenerator.cpp */ = {isa = PBXFileReference; lastKnownFileType = sourcecode.cpp.cpp; path = NGMorseToneGenerator.cpp; sourceTree = "<group>"; };
		29232B592780CBB200B85C8E /* NGMorseToneGenerator.h */ = {isa = PBXFileReference; lastKnownFileType = sourcecode.c.h; path = NGMorseToneGenerator.h; sourceTree = "<group>"; };
		2928BCF328BD1F0100BEB37E /* speedyF0.png */ = {isa = PBXFileReference; lastKnownFileType = image.png; path = speedyF0.png; sourceTree = "<group>"; };
		292E8FF3265FFAF50042F249 /* NGGripperControl.h */ = {isa = PBXFileReference; lastKnownFileType = sourcecode.c.h; path = NGGripperControl.h; sourceTree = "<group>"; };
		292E8FF4265FFC6A0042F249 /* NGGripperControl.cpp */ = {isa = PBXFileReference; lastKnownFileType = sourcecode.cpp.cpp; path = NGGripperControl.cpp; sourceTree = "<group>"; };
		292E8FF526620C690042F249 /* NGUnitControl.cpp */ = {isa = PBXFileReference; lastKnownFileType = sourcecode.cpp.cpp; path = NGUnitControl.cpp; sourceTree = "<group>"; };
		292F9CBD28E9821F0051D764 /* WirelessRemoteG2.png */ = {isa = PBXFileReference; lastKnownFileType = image.png; path = WirelessRemoteG2.png; sourceTree = "<group>"; };
		292F9CC328E9823B0051D764 /* WirelessRemoteG3.png */ = {isa = PBXFileReference; lastKnownFileType = image.png; path = WirelessRemoteG3.png; sourceTree = "<group>"; };
		292F9CC428E98C540051D764 /* irrigationsystemD2.png */ = {isa = PBXFileReference; lastKnownFileType = image.png; path = irrigationsystemD2.png; sourceTree = "<group>"; };
		292F9CC528EA01770051D764 /* speedyF1.png */ = {isa = PBXFileReference; lastKnownFileType = image.png; path = speedyF1.png; sourceTree = "<group>"; };
		293B4CD7276F75F4009EC17A /* NGJingleBeep.cpp */ = {isa = PBXFileReference; lastKnownFileType = sourcecode.cpp.cpp; path = NGJingleBeep.cpp; sourceTree = "<group>"; };
		293B4CD8276F75F4009EC17A /* NGJingleBeep.h */ = {isa = PBXFileReference; lastKnownFileType = sourcecode.c.h; path = NGJingleBeep.h; sourceTree = "<group>"; };
		293B4CD927771584009EC17A /* NGJingleJingleBells.cpp */ = {isa = PBXFileReference; lastKnownFileType = sourcecode.cpp.cpp; path = NGJingleJingleBells.cpp; sourceTree = "<group>"; };
		293B4CDA27771584009EC17A /* NGJingleJingleBells.h */ = {isa = PBXFileReference; lastKnownFileType = sourcecode.c.h; path = NGJingleJingleBells.h; sourceTree = "<group>"; };
		293B4CDD27771F59009EC17A /* NGJingleChristmasSong.cpp */ = {isa = PBXFileReference; lastKnownFileType = sourcecode.cpp.cpp; path = NGJingleChristmasSong.cpp; sourceTree = "<group>"; };
		293B4CDE27771F59009EC17A /* NGJingleChristmasSong.h */ = {isa = PBXFileReference; lastKnownFileType = sourcecode.c.h; path = NGJingleChristmasSong.h; sourceTree = "<group>"; };
		294E9C8A28F325A900A3E17A /* NGRemoteMotionControl.cpp */ = {isa = PBXFileReference; lastKnownFileType = sourcecode.cpp.cpp; path = NGRemoteMotionControl.cpp; sourceTree = "<group>"; };
		294E9C8B28F325A900A3E17A /* NGRemoteMotionControl.h */ = {isa = PBXFileReference; lastKnownFileType = sourcecode.c.h; path = NGRemoteMotionControl.h; sourceTree = "<group>"; };
		294E9C8C28F7C45A00A3E17A /* NGMotionSequenceStorage.cpp */ = {isa = PBXFileReference; lastKnownFileType = sourcecode.cpp.cpp; path = NGMotionSequenceStorage.cpp; sourceTree = "<group>"; };
		294E9C8D28F7C45A00A3E17A /* NGMotionSequenceStorage.h */ = {isa = PBXFileReference; lastKnownFileType = sourcecode.c.h; path = NGMotionSequenceStorage.h; sourceTree = "<group>"; };
		294E9C8F29058EA400A3E17A /* NGColorDotMatrix.cpp */ = {isa = PBXFileReference; lastKnownFileType = sourcecode.cpp.cpp; path = NGColorDotMatrix.cpp; sourceTree = "<group>"; };
		294E9C9029058EA400A3E17A /* NGColorDotMatrix.h */ = {isa = PBXFileReference; lastKnownFileType = sourcecode.c.h; path = NGColorDotMatrix.h; sourceTree = "<group>"; };
		294E9C9229072EC800A3E17A /* colordotmatrix.ino */ = {isa = PBXFileReference; lastKnownFileType = text; path = colordotmatrix.ino; sourceTree = "<group>"; };
		294E9C94290D0BC700A3E17A /* NGColorDotMatrixBinaryDigit.cpp */ = {isa = PBXFileReference; lastKnownFileType = sourcecode.cpp.cpp; path = NGColorDotMatrixBinaryDigit.cpp; sourceTree = "<group>"; };
		294E9C95290D0BC700A3E17A /* NGColorDotMatrixBinaryDigit.h */ = {isa = PBXFileReference; lastKnownFileType = sourcecode.c.h; path = NGColorDotMatrixBinaryDigit.h; sourceTree = "<group>"; };
		294E9C97290D0E5800A3E17A /* colordotmatrixbinarydigit.ino */ = {isa = PBXFileReference; lastKnownFileType = text; path = colordotmatrixbinarydigit.ino; sourceTree = "<group>"; };
		294E9C9B290D5A4400A3E17A /* binaryclock.ino */ = {isa = PBXFileReference; lastKnownFileType = text; path = binaryclock.ino; sourceTree = "<group>"; };
		294E9C9C290D5A8800A3E17A /* NGBinaryClockUnitControl.cpp */ = {isa = PBXFileReference; lastKnownFileType = sourcecode.cpp.cpp; path = NGBinaryClockUnitControl.cpp; sourceTree = "<group>"; };
		294E9C9D290D5A8800A3E17A /* NGBinaryClockUnitControl.h */ = {isa = PBXFileReference; lastKnownFileType = sourcecode.c.h; path = NGBinaryClockUnitControl.h; sourceTree = "<group>"; };
		29620D6A29ABDE410020B874 /* NGCaterpillarSteeringControl.cpp */ = {isa = PBXFileReference; lastKnownFileType = sourcecode.cpp.cpp; path = NGCaterpillarSteeringControl.cpp; sourceTree = "<group>"; };
		29620D6B29ABDE410020B874 /* NGCaterpillarSteeringControl.h */ = {isa = PBXFileReference; lastKnownFileType = sourcecode.c.h; path = NGCaterpillarSteeringControl.h; sourceTree = "<group>"; };
		29620D6C29ABE1140020B874 /* caterpillarsteeringcontrol.ino */ = {isa = PBXFileReference; lastKnownFileType = text; path = caterpillarsteeringcontrol.ino; sourceTree = "<group>"; };
		29620D6D29B07D430020B874 /* NGColorDotMatrixDecimalDigit.cpp */ = {isa = PBXFileReference; lastKnownFileType = sourcecode.cpp.cpp; path = NGColorDotMatrixDecimalDigit.cpp; sourceTree = "<group>"; };
		29620D6E29B07D430020B874 /* NGColorDotMatrixDecimalDigit.h */ = {isa = PBXFileReference; lastKnownFileType = sourcecode.c.h; path = NGColorDotMatrixDecimalDigit.h; sourceTree = "<group>"; };
		29620D7029B07DB70020B874 /* colotdotmatrixdecimaldigit.ino */ = {isa = PBXFileReference; lastKnownFileType = text; path = colotdotmatrixdecimaldigit.ino; sourceTree = "<group>"; };
		29620D7129B1FE370020B874 /* NGIPaintableComponent.h */ = {isa = PBXFileReference; lastKnownFileType = sourcecode.c.h; path = NGIPaintableComponent.h; sourceTree = "<group>"; };
		29620D7A29B4BD5C0020B874 /* NGCommonGraphics.cpp */ = {isa = PBXFileReference; lastKnownFileType = sourcecode.cpp.cpp; path = NGCommonGraphics.cpp; sourceTree = "<group>"; };
		29620D7B29B4BD5C0020B874 /* NGCommonGraphics.h */ = {isa = PBXFileReference; lastKnownFileType = sourcecode.c.h; path = NGCommonGraphics.h; sourceTree = "<group>"; };
		29647BC3253C43B2003CBA13 /* keywords.txt */ = {isa = PBXFileReference; lastKnownFileType = text; path = keywords.txt; sourceTree = "<group>"; };
		29647BC4253C449A003CBA13 /* README.md */ = {isa = PBXFileReference; lastKnownFileType = net.daringfireball.markdown; path = README.md; sourceTree = "<group>"; };
		29647BC5253C4A53003CBA13 /* LICENSE */ = {isa = PBXFileReference; lastKnownFileType = text; path = LICENSE; sourceTree = "<group>"; };
		29647BC6253C4AFD003CBA13 /* library.properties */ = {isa = PBXFileReference; lastKnownFileType = text; path = library.properties; sourceTree = "<group>"; };
		29647BC7253C515C003CBA13 /* NGEngineControl.h */ = {isa = PBXFileReference; lastKnownFileType = sourcecode.c.h; path = NGEngineControl.h; sourceTree = "<group>"; };
		29647BC8253C5273003CBA13 /* NGEngineControl.cpp */ = {isa = PBXFileReference; lastKnownFileType = sourcecode.cpp.cpp; path = NGEngineControl.cpp; sourceTree = "<group>"; };
		29647BCA253C5F97003CBA13 /* simple.ino */ = {isa = PBXFileReference; lastKnownFileType = text; path = simple.ino; sourceTree = "<group>"; };
		2965FFD328984717007D5D28 /* IRremote.ino */ = {isa = PBXFileReference; lastKnownFileType = text; path = IRremote.ino; sourceTree = "<group>"; };
		2965FFD728984A59007D5D28 /* speedyOne.ino */ = {isa = PBXFileReference; lastKnownFileType = text; path = speedyOne.ino; sourceTree = "<group>"; };
		296CD4E6272DA0EC003E27DA /* NGUltrasonicObjectRecognizer.cpp */ = {isa = PBXFileReference; lastKnownFileType = sourcecode.cpp.cpp; path = NGUltrasonicObjectRecognizer.cpp; sourceTree = "<group>"; };
		296CD4E7272DA0EC003E27DA /* NGUltrasonicObjectRecognizer.h */ = {isa = PBXFileReference; lastKnownFileType = sourcecode.c.h; path = NGUltrasonicObjectRecognizer.h; sourceTree = "<group>"; };
		296CD4E8272ED298003E27DA /* buggyC1a.png */ = {isa = PBXFileReference; lastKnownFileType = image.png; path = buggyC1a.png; sourceTree = "<group>"; };
		296CD4E9272ED298003E27DA /* buggyC1.png */ = {isa = PBXFileReference; lastKnownFileType = image.png; path = buggyC1.png; sourceTree = "<group>"; };
		2977D31427DE0DE400F538B3 /* NGExceptionDefinitions.h */ = {isa = PBXFileReference; lastKnownFileType = sourcecode.c.h; path = NGExceptionDefinitions.h; sourceTree = "<group>"; };
		297E229A291AD46A00E549DF /* NGSimpleKeypad.cpp */ = {isa = PBXFileReference; lastKnownFileType = sourcecode.cpp.cpp; path = NGSimpleKeypad.cpp; sourceTree = "<group>"; };
		297E229B291AD46A00E549DF /* NGSimpleKeypad.h */ = {isa = PBXFileReference; lastKnownFileType = sourcecode.c.h; path = NGSimpleKeypad.h; sourceTree = "<group>"; };
		297E229D291ADA7500E549DF /* simplekeypad.ino */ = {isa = PBXFileReference; lastKnownFileType = text; path = simplekeypad.ino; sourceTree = "<group>"; };
		297E99C52709A8A800B9C9FA /* buggyMotionUnitSchema.png */ = {isa = PBXFileReference; lastKnownFileType = image.png; path = buggyMotionUnitSchema.png; sourceTree = "<group>"; };
		298392B72A2CEEBB00BB5ACA /* SpeedyTwo.ino */ = {isa = PBXFileReference; lastKnownFileType = text; path = SpeedyTwo.ino; sourceTree = "<group>"; };
		298A66D12565501F00393741 /* eNGineShieldSchema.png */ = {isa = PBXFileReference; lastKnownFileType = image.png; path = eNGineShieldSchema.png; sourceTree = "<group>"; };
		298E641F2AC1528100CE1B85 /* NGAnchormanUnitControl.cpp */ = {isa = PBXFileReference; lastKnownFileType = sourcecode.cpp.cpp; path = NGAnchormanUnitControl.cpp; sourceTree = "<group>"; };
		298E64202AC1528100CE1B85 /* NGAnchormanUnitControl.h */ = {isa = PBXFileReference; lastKnownFileType = sourcecode.c.h; path = NGAnchormanUnitControl.h; sourceTree = "<group>"; };
		298E64242AC153CC00CE1B85 /* anchorman.ino */ = {isa = PBXFileReference; lastKnownFileType = text; path = anchorman.ino; sourceTree = "<group>"; };
		2992F0F2291FB80F00A91B2A /* BinaryClockH0.png */ = {isa = PBXFileReference; lastKnownFileType = image.png; path = BinaryClockH0.png; sourceTree = "<group>"; };
		29958E572711CA5B007048E3 /* buggyC0.png */ = {isa = PBXFileReference; lastKnownFileType = image.png; path = buggyC0.png; sourceTree = "<group>"; };
		29958E5C2718A800007048E3 /* NGMotionSequenceDefinitions.h */ = {isa = PBXFileReference; lastKnownFileType = sourcecode.c.h; path = NGMotionSequenceDefinitions.h; sourceTree = "<group>"; };
		29958E5D2718BF5E007048E3 /* simpleStartStop.txt */ = {isa = PBXFileReference; lastKnownFileType = text; path = simpleStartStop.txt; sourceTree = "<group>"; };
		29970A7A29C76255004B7F2D /* NGIPaintableObject.h */ = {isa = PBXFileReference; lastKnownFileType = sourcecode.c.h; path = NGIPaintableObject.h; sourceTree = "<group>"; };
		2999D31B2791CE2500B88B53 /* NGI2CScanner.cpp */ = {isa = PBXFileReference; lastKnownFileType = sourcecode.cpp.cpp; path = NGI2CScanner.cpp; sourceTree = "<group>"; };
		2999D31C2791CE2500B88B53 /* NGI2CScanner.h */ = {isa = PBXFileReference; lastKnownFileType = sourcecode.c.h; path = NGI2CScanner.h; sourceTree = "<group>"; };
		2999D31E2792DC6E00B88B53 /* I2CScanner.ino */ = {isa = PBXFileReference; lastKnownFileType = text; path = I2CScanner.ino; sourceTree = "<group>"; };
		2999D31F2794482600B88B53 /* NGMorseToneNotification.cpp */ = {isa = PBXFileReference; lastKnownFileType = sourcecode.cpp.cpp; path = NGMorseToneNotification.cpp; sourceTree = "<group>"; };
		2999D3202794482600B88B53 /* NGMorseToneNotification.h */ = {isa = PBXFileReference; lastKnownFileType = sourcecode.c.h; path = NGMorseToneNotification.h; sourceTree = "<group>"; };
		2999D3212794841C00B88B53 /* NGITestableComponent.h */ = {isa = PBXFileReference; lastKnownFileType = sourcecode.c.h; path = NGITestableComponent.h; sourceTree = "<group>"; };
		299C0E1E26D7E7EC00F5A60D /* buggy.ino */ = {isa = PBXFileReference; lastKnownFileType = text; path = buggy.ino; sourceTree = "<group>"; };
		299C0E1F26D7E89D00F5A60D /* NGSteeringControl.cpp */ = {isa = PBXFileReference; lastKnownFileType = sourcecode.cpp.cpp; path = NGSteeringControl.cpp; sourceTree = "<group>"; };
		299C0E2026D7E89D00F5A60D /* NGSteeringControl.h */ = {isa = PBXFileReference; lastKnownFileType = sourcecode.c.h; path = NGSteeringControl.h; sourceTree = "<group>"; };
		299C0E2126DA1AE100F5A60D /* motomanB6.png */ = {isa = PBXFileReference; lastKnownFileType = image.png; path = motomanB6.png; sourceTree = "<group>"; };
		299C0E2226DA21FA00F5A60D /* motomanSchema.png */ = {isa = PBXFileReference; lastKnownFileType = image.png; path = motomanSchema.png; sourceTree = "<group>"; };
		299C0E2B26DA2BDC00F5A60D /* motomanDude.png */ = {isa = PBXFileReference; lastKnownFileType = image.png; path = motomanDude.png; sourceTree = "<group>"; };
		299DEBE9272A6DE7004B3B59 /* NGJingleThinking.cpp */ = {isa = PBXFileReference; lastKnownFileType = sourcecode.cpp.cpp; path = NGJingleThinking.cpp; sourceTree = "<group>"; };
		299DEBEA272A6DE7004B3B59 /* NGJingleThinking.h */ = {isa = PBXFileReference; lastKnownFileType = sourcecode.c.h; path = NGJingleThinking.h; sourceTree = "<group>"; };
		299DEBEB272C6D02004B3B59 /* NGLaserCannon.cpp */ = {isa = PBXFileReference; lastKnownFileType = sourcecode.cpp.cpp; path = NGLaserCannon.cpp; sourceTree = "<group>"; };
		299DEBEC272C6D02004B3B59 /* NGLaserCannon.h */ = {isa = PBXFileReference; lastKnownFileType = sourcecode.c.h; path = NGLaserCannon.h; sourceTree = "<group>"; };
		29A6A6DC2948C28F0018F4F3 /* BinaryClockH1.png */ = {isa = PBXFileReference; lastKnownFileType = image.png; path = BinaryClockH1.png; sourceTree = "<group>"; };
		29AA4E552881A73C0085BDAA /* currentmeasurement.ino */ = {isa = PBXFileReference; lastKnownFileType = text; path = currentmeasurement.ino; sourceTree = "<group>"; };
		29AA4E562882254D0085BDAA /* NGCurrentSensor.cpp */ = {isa = PBXFileReference; lastKnownFileType = sourcecode.cpp.cpp; path = NGCurrentSensor.cpp; sourceTree = "<group>"; };
		29AA4E572882254D0085BDAA /* NGCurrentSensor.h */ = {isa = PBXFileReference; lastKnownFileType = sourcecode.c.h; path = NGCurrentSensor.h; sourceTree = "<group>"; };
		29AA4E5828870AE40085BDAA /* NGCurrentMeasurementUnitControl.cpp */ = {isa = PBXFileReference; lastKnownFileType = sourcecode.cpp.cpp; path = NGCurrentMeasurementUnitControl.cpp; sourceTree = "<group>"; };
		29AA4E5928870AE40085BDAA /* NGCurrentMeasurementUnitControl.h */ = {isa = PBXFileReference; lastKnownFileType = sourcecode.c.h; path = NGCurrentMeasurementUnitControl.h; sourceTree = "<group>"; };
		29AF3EC1265F77370055A9FC /* EngineShield.png */ = {isa = PBXFileReference; lastKnownFileType = image.png; path = EngineShield.png; sourceTree = "<group>"; };
		29B3761E271DF56300D8780B /* NGJingleBackward.cpp */ = {isa = PBXFileReference; lastKnownFileType = sourcecode.cpp.cpp; path = NGJingleBackward.cpp; sourceTree = "<group>"; };
		29B3761F271DF56300D8780B /* NGJingleBackward.h */ = {isa = PBXFileReference; lastKnownFileType = sourcecode.c.h; path = NGJingleBackward.h; sourceTree = "<group>"; };
		29B37620271E901500D8780B /* NGCustomMotionMimic.cpp */ = {isa = PBXFileReference; lastKnownFileType = sourcecode.cpp.cpp; path = NGCustomMotionMimic.cpp; sourceTree = "<group>"; };
		29B37621271E901500D8780B /* NGCustomMotionMimic.h */ = {isa = PBXFileReference; lastKnownFileType = sourcecode.c.h; path = NGCustomMotionMimic.h; sourceTree = "<group>"; };
		29B376222721310000D8780B /* NGCaveExplorer.cpp */ = {isa = PBXFileReference; lastKnownFileType = sourcecode.cpp.cpp; path = NGCaveExplorer.cpp; sourceTree = "<group>"; };
		29B376232721310000D8780B /* NGCaveExplorer.h */ = {isa = PBXFileReference; lastKnownFileType = sourcecode.c.h; path = NGCaveExplorer.h; sourceTree = "<group>"; };
		29B376242726816300D8780B /* NGCustomObjectRecognizer.cpp */ = {isa = PBXFileReference; lastKnownFileType = sourcecode.cpp.cpp; path = NGCustomObjectRecognizer.cpp; sourceTree = "<group>"; };
		29B376252726816300D8780B /* NGCustomObjectRecognizer.h */ = {isa = PBXFileReference; lastKnownFileType = sourcecode.c.h; path = NGCustomObjectRecognizer.h; sourceTree = "<group>"; };
		29B376262726FE7C00D8780B /* NGContactObjectRecognizer.cpp */ = {isa = PBXFileReference; lastKnownFileType = sourcecode.cpp.cpp; path = NGContactObjectRecognizer.cpp; sourceTree = "<group>"; };
		29B376272726FE7C00D8780B /* NGContactObjectRecognizer.h */ = {isa = PBXFileReference; lastKnownFileType = sourcecode.c.h; path = NGContactObjectRecognizer.h; sourceTree = "<group>"; };
		29B39E2127CBE012008507A2 /* NGTimeOfFlightObjectRecognizer.cpp */ = {isa = PBXFileReference; lastKnownFileType = sourcecode.cpp.cpp; path = NGTimeOfFlightObjectRecognizer.cpp; sourceTree = "<group>"; };
		29B39E2227CBE012008507A2 /* NGTimeOfFlightObjectRecognizer.h */ = {isa = PBXFileReference; lastKnownFileType = sourcecode.c.h; path = NGTimeOfFlightObjectRecognizer.h; sourceTree = "<group>"; };
		29B39E2427CBE3C0008507A2 /* timeofflight.ino */ = {isa = PBXFileReference; lastKnownFileType = text; path = timeofflight.ino; sourceTree = "<group>"; };
		29B39E2527CBF1C4008507A2 /* NGGyroscope.cpp */ = {isa = PBXFileReference; lastKnownFileType = sourcecode.cpp.cpp; path = NGGyroscope.cpp; sourceTree = "<group>"; };
		29B39E2627CBF1C4008507A2 /* NGGyroscope.h */ = {isa = PBXFileReference; lastKnownFileType = sourcecode.c.h; path = NGGyroscope.h; sourceTree = "<group>"; };
		29B39E2827CBF599008507A2 /* gyroscope.ino */ = {isa = PBXFileReference; lastKnownFileType = text; path = gyroscope.ino; sourceTree = "<group>"; };
		29B7A2C826C2E0D000D25BC8 /* motomanB5Central.png */ = {isa = PBXFileReference; lastKnownFileType = image.png; path = motomanB5Central.png; sourceTree = "<group>"; };
		29B7A2C926C2E0F000D25BC8 /* motomanCentalUnit.png */ = {isa = PBXFileReference; lastKnownFileType = image.png; path = motomanCentalUnit.png; sourceTree = "<group>"; };
		29C9083E290EA9C400F6A704 /* love.ino */ = {isa = PBXFileReference; lastKnownFileType = text; path = love.ino; sourceTree = "<group>"; };
		29D0FFE428257539008B3231 /* simpleForwardTurns.txt */ = {isa = PBXFileReference; lastKnownFileType = text; path = simpleForwardTurns.txt; sourceTree = "<group>"; };
		29D0FFE528257578008B3231 /* simpleBackwardTurns.txt */ = {isa = PBXFileReference; lastKnownFileType = text; path = simpleBackwardTurns.txt; sourceTree = "<group>"; };
		29D43EE6288C5D45003AB391 /* currentmeasurementE0.png */ = {isa = PBXFileReference; lastKnownFileType = image.png; path = currentmeasurementE0.png; sourceTree = "<group>"; };
		29D60E8B27F32D8E00FCA53A /* NGSoilMoistureSensor.cpp */ = {isa = PBXFileReference; lastKnownFileType = sourcecode.cpp.cpp; path = NGSoilMoistureSensor.cpp; sourceTree = "<group>"; };
		29D60E8C27F32D8E00FCA53A /* NGSoilMoistureSensor.h */ = {isa = PBXFileReference; lastKnownFileType = sourcecode.c.h; path = NGSoilMoistureSensor.h; sourceTree = "<group>"; };
		29D60E8E27F339ED00FCA53A /* soilmoisturesensor.ino */ = {isa = PBXFileReference; lastKnownFileType = text; path = soilmoisturesensor.ino; sourceTree = "<group>"; };
		29D7EC2F266BF4E400009403 /* NGMemoryObserver.cpp */ = {isa = PBXFileReference; lastKnownFileType = sourcecode.cpp.cpp; path = NGMemoryObserver.cpp; sourceTree = "<group>"; };
		29D7EC30266BF4E400009403 /* NGMemoryObserver.h */ = {isa = PBXFileReference; lastKnownFileType = sourcecode.c.h; path = NGMemoryObserver.h; sourceTree = "<group>"; };
		29D7EC32266CE63000009403 /* toolunit.ino */ = {isa = PBXFileReference; lastKnownFileType = text; path = toolunit.ino; sourceTree = "<group>"; };
		29D7EC332670D7D800009403 /* NGCustomUnitControl.cpp */ = {isa = PBXFileReference; lastKnownFileType = sourcecode.cpp.cpp; path = NGCustomUnitControl.cpp; sourceTree = "<group>"; };
		29D7EC342670D7D800009403 /* NGCustomUnitControl.h */ = {isa = PBXFileReference; lastKnownFileType = sourcecode.c.h; path = NGCustomUnitControl.h; sourceTree = "<group>"; };
		29D7EC352670DC5100009403 /* NGCommon.h */ = {isa = PBXFileReference; lastKnownFileType = sourcecode.c.h; path = NGCommon.h; sourceTree = "<group>"; };
		29D7EC362670DD2C00009403 /* NGCommon.cpp */ = {isa = PBXFileReference; lastKnownFileType = sourcecode.cpp.cpp; path = NGCommon.cpp; sourceTree = "<group>"; };
		29D7EC372673B88300009403 /* NGCustomNotification.cpp */ = {isa = PBXFileReference; lastKnownFileType = sourcecode.cpp.cpp; path = NGCustomNotification.cpp; sourceTree = "<group>"; };
		29D7EC382673B88300009403 /* NGCustomNotification.h */ = {isa = PBXFileReference; lastKnownFileType = sourcecode.c.h; path = NGCustomNotification.h; sourceTree = "<group>"; };
		29D7EC392673BFB800009403 /* NGSerialNotification.cpp */ = {isa = PBXFileReference; lastKnownFileType = sourcecode.cpp.cpp; path = NGSerialNotification.cpp; sourceTree = "<group>"; };
		29D7EC3A2673BFB800009403 /* NGSerialNotification.h */ = {isa = PBXFileReference; lastKnownFileType = sourcecode.c.h; path = NGSerialNotification.h; sourceTree = "<group>"; };
		29D7EC3C2673CED200009403 /* centralunit.ino */ = {isa = PBXFileReference; lastKnownFileType = text; path = centralunit.ino; sourceTree = "<group>"; };
		29D7EC3D2673D0A000009403 /* NGCentralUnitControl.cpp */ = {isa = PBXFileReference; lastKnownFileType = sourcecode.cpp.cpp; path = NGCentralUnitControl.cpp; sourceTree = "<group>"; };
		29D7EC3E2673D0A000009403 /* NGCentralUnitControl.h */ = {isa = PBXFileReference; lastKnownFileType = sourcecode.c.h; path = NGCentralUnitControl.h; sourceTree = "<group>"; };
		29D7EC3F26741FAB00009403 /* NGLCDNotification.cpp */ = {isa = PBXFileReference; lastKnownFileType = sourcecode.cpp.cpp; path = NGLCDNotification.cpp; sourceTree = "<group>"; };
		29D7EC4026741FAB00009403 /* NGLCDNotification.h */ = {isa = PBXFileReference; lastKnownFileType = sourcecode.c.h; path = NGLCDNotification.h; sourceTree = "<group>"; };
		29D7EC4226750DEE00009403 /* motionunit.ino */ = {isa = PBXFileReference; lastKnownFileType = text; path = motionunit.ino; sourceTree = "<group>"; };
		29D8FAC628DDB5E300598278 /* WirelessRemoteG1.png */ = {isa = PBXFileReference; lastKnownFileType = image.png; path = WirelessRemoteG1.png; sourceTree = "<group>"; };
		29D947E32A36F5300018377D /* bluetoothmaster.ino */ = {isa = PBXFileReference; lastKnownFileType = text; path = bluetoothmaster.ino; sourceTree = "<group>"; };
		29D947E42A36F5550018377D /* bluetoothslave.ino */ = {isa = PBXFileReference; lastKnownFileType = text; path = bluetoothslave.ino; sourceTree = "<group>"; };
		29D947E52A374B400018377D /* NGBluetooth.h */ = {isa = PBXFileReference; lastKnownFileType = sourcecode.c.h; path = NGBluetooth.h; sourceTree = "<group>"; };
		29D947E62A376B650018377D /* NGBluetoothMaster.cpp */ = {isa = PBXFileReference; lastKnownFileType = sourcecode.cpp.cpp; path = NGBluetoothMaster.cpp; sourceTree = "<group>"; };
		29D947E72A376B650018377D /* NGBluetoothMaster.h */ = {isa = PBXFileReference; lastKnownFileType = sourcecode.c.h; path = NGBluetoothMaster.h; sourceTree = "<group>"; };
		29D947E82A3A06330018377D /* NGBluetoothSlave.cpp */ = {isa = PBXFileReference; lastKnownFileType = sourcecode.cpp.cpp; path = NGBluetoothSlave.cpp; sourceTree = "<group>"; };
		29D947E92A3A06330018377D /* NGBluetoothSlave.h */ = {isa = PBXFileReference; lastKnownFileType = sourcecode.c.h; path = NGBluetoothSlave.h; sourceTree = "<group>"; };
		29D947ED2A3F1A760018377D /* bluetoothremotecontrol.ino */ = {isa = PBXFileReference; lastKnownFileType = text; path = bluetoothremotecontrol.ino; sourceTree = "<group>"; };
		29D947EE2A404A490018377D /* NGBluetoothRemoteUnitControl.cpp */ = {isa = PBXFileReference; lastKnownFileType = sourcecode.cpp.cpp; path = NGBluetoothRemoteUnitControl.cpp; sourceTree = "<group>"; };
		29D947EF2A404A490018377D /* NGBluetoothRemoteUnitControl.h */ = {isa = PBXFileReference; lastKnownFileType = sourcecode.c.h; path = NGBluetoothRemoteUnitControl.h; sourceTree = "<group>"; };
		29DAAB9727B022ED000E56F1 /* NGCustomMotionControl.cpp */ = {isa = PBXFileReference; lastKnownFileType = sourcecode.cpp.cpp; path = NGCustomMotionControl.cpp; sourceTree = "<group>"; };
		29DAAB9827B022ED000E56F1 /* NGCustomMotionControl.h */ = {isa = PBXFileReference; lastKnownFileType = sourcecode.c.h; path = NGCustomMotionControl.h; sourceTree = "<group>"; };
		29DAAB9927B02DD1000E56F1 /* NGVoidMotionMimic.cpp */ = {isa = PBXFileReference; lastKnownFileType = sourcecode.cpp.cpp; path = NGVoidMotionMimic.cpp; sourceTree = "<group>"; };
		29DAAB9A27B02DD1000E56F1 /* NGVoidMotionMimic.h */ = {isa = PBXFileReference; lastKnownFileType = sourcecode.c.h; path = NGVoidMotionMimic.h; sourceTree = "<group>"; };
		29DAAB9B27B03057000E56F1 /* NGSimpleMotionControl.cpp */ = {isa = PBXFileReference; lastKnownFileType = sourcecode.cpp.cpp; path = NGSimpleMotionControl.cpp; sourceTree = "<group>"; };
		29DAAB9C27B03057000E56F1 /* NGSimpleMotionControl.h */ = {isa = PBXFileReference; lastKnownFileType = sourcecode.c.h; path = NGSimpleMotionControl.h; sourceTree = "<group>"; };
		29DC5F8528A2384200CCEEB1 /* NGSimpleWirelessReceiver.cpp */ = {isa = PBXFileReference; lastKnownFileType = sourcecode.cpp.cpp; path = NGSimpleWirelessReceiver.cpp; sourceTree = "<group>"; };
		29DC5F8628A2384200CCEEB1 /* NGSimpleWirelessReceiver.h */ = {isa = PBXFileReference; lastKnownFileType = sourcecode.c.h; path = NGSimpleWirelessReceiver.h; sourceTree = "<group>"; };
		29DC5F8828A27FC500CCEEB1 /* wirelessreceiver.ino */ = {isa = PBXFileReference; lastKnownFileType = text; path = wirelessreceiver.ino; sourceTree = "<group>"; };
		29DC5F8A28A2EFC200CCEEB1 /* carsteeringcontrol.ino */ = {isa = PBXFileReference; lastKnownFileType = text; path = carsteeringcontrol.ino; sourceTree = "<group>"; };
		29DC5F8B28A37B6F00CCEEB1 /* NGCustomSteeringControl.cpp */ = {isa = PBXFileReference; lastKnownFileType = sourcecode.cpp.cpp; path = NGCustomSteeringControl.cpp; sourceTree = "<group>"; };
		29DC5F8C28A37B6F00CCEEB1 /* NGCustomSteeringControl.h */ = {isa = PBXFileReference; lastKnownFileType = sourcecode.c.h; path = NGCustomSteeringControl.h; sourceTree = "<group>"; };
		29DC5F8D28A4076700CCEEB1 /* NGCarSteeringControl.cpp */ = {isa = PBXFileReference; lastKnownFileType = sourcecode.cpp.cpp; path = NGCarSteeringControl.cpp; sourceTree = "<group>"; };
		29DC5F8E28A4076700CCEEB1 /* NGCarSteeringControl.h */ = {isa = PBXFileReference; lastKnownFileType = sourcecode.c.h; path = NGCarSteeringControl.h; sourceTree = "<group>"; };
		29DC5F9028A5053A00CCEEB1 /* motioncontrol.ino */ = {isa = PBXFileReference; lastKnownFileType = text; path = motioncontrol.ino; sourceTree = "<group>"; };
		29DC5F9128A820EA00CCEEB1 /* NGJoystickControl.cpp */ = {isa = PBXFileReference; lastKnownFileType = sourcecode.cpp.cpp; path = NGJoystickControl.cpp; sourceTree = "<group>"; };
		29DC5F9228A820EA00CCEEB1 /* NGJoystickControl.h */ = {isa = PBXFileReference; lastKnownFileType = sourcecode.c.h; path = NGJoystickControl.h; sourceTree = "<group>"; };
		29DC5F9428A8244400CCEEB1 /* joystick.ino */ = {isa = PBXFileReference; lastKnownFileType = text; path = joystick.ino; sourceTree = "<group>"; };
		29DC5F9528A84F1E00CCEEB1 /* NGWirelessRemoteUnitControl.cpp */ = {isa = PBXFileReference; lastKnownFileType = sourcecode.cpp.cpp; path = NGWirelessRemoteUnitControl.cpp; sourceTree = "<group>"; };
		29DC5F9628A84F1E00CCEEB1 /* NGWirelessRemoteUnitControl.h */ = {isa = PBXFileReference; lastKnownFileType = sourcecode.c.h; path = NGWirelessRemoteUnitControl.h; sourceTree = "<group>"; };
		29DC5F9828A84FF900CCEEB1 /* wirelessremotecontrol.ino */ = {isa = PBXFileReference; lastKnownFileType = text; path = wirelessremotecontrol.ino; sourceTree = "<group>"; };
		29E24C7527F33D8B0009F0CF /* irrigationsystem.ino */ = {isa = PBXFileReference; lastKnownFileType = text; path = irrigationsystem.ino; sourceTree = "<group>"; };
		29E24C7627F33F4D0009F0CF /* NGIrrigationUnitControl.cpp */ = {isa = PBXFileReference; lastKnownFileType = sourcecode.cpp.cpp; path = NGIrrigationUnitControl.cpp; sourceTree = "<group>"; };
		29E24C7727F33F4D0009F0CF /* NGIrrigationUnitControl.h */ = {isa = PBXFileReference; lastKnownFileType = sourcecode.c.h; path = NGIrrigationUnitControl.h; sourceTree = "<group>"; };
		29E24C7827F3889D0009F0CF /* NGPumpControl.cpp */ = {isa = PBXFileReference; lastKnownFileType = sourcecode.cpp.cpp; path = NGPumpControl.cpp; sourceTree = "<group>"; };
		29E24C7927F3889D0009F0CF /* NGPumpControl.h */ = {isa = PBXFileReference; lastKnownFileType = sourcecode.c.h; path = NGPumpControl.h; sourceTree = "<group>"; };
		29E57BC028771D3F000B6C49 /* complex.ino */ = {isa = PBXFileReference; lastKnownFileType = text; path = complex.ino; sourceTree = "<group>"; };
		29E6BA5A263C6070007BCE9F /* motomanB3.png */ = {isa = PBXFileReference; lastKnownFileType = image.png; path = motomanB3.png; sourceTree = "<group>"; };
		29E71C9127F76DE80046A707 /* pumpcontrol.ino */ = {isa = PBXFileReference; lastKnownFileType = text; path = pumpcontrol.ino; sourceTree = "<group>"; };
		29E8730229745EF400F7BF90 /* NGColorDotMatrixFuse.cpp */ = {isa = PBXFileReference; lastKnownFileType = sourcecode.cpp.cpp; path = NGColorDotMatrixFuse.cpp; sourceTree = "<group>"; };
		29E8730329745EF400F7BF90 /* NGColorDotMatrixFuse.h */ = {isa = PBXFileReference; lastKnownFileType = sourcecode.c.h; path = NGColorDotMatrixFuse.h; sourceTree = "<group>"; };
		29E87305297461ED00F7BF90 /* colordotmatrixfuse.ino */ = {isa = PBXFileReference; lastKnownFileType = text; path = colordotmatrixfuse.ino; sourceTree = "<group>"; };
		29E8CD5B28B93E5C009AAC11 /* NGServoControl.cpp */ = {isa = PBXFileReference; lastKnownFileType = sourcecode.cpp.cpp; path = NGServoControl.cpp; sourceTree = "<group>"; };
		29E8CD5C28B93E5C009AAC11 /* NGServoControl.h */ = {isa = PBXFileReference; lastKnownFileType = sourcecode.c.h; path = NGServoControl.h; sourceTree = "<group>"; };
		29E8CD5E28B9F664009AAC11 /* servocontrol.ino */ = {isa = PBXFileReference; lastKnownFileType = text; path = servocontrol.ino; sourceTree = "<group>"; };
		29EA905B275BABCA00F3C556 /* OLED.ino */ = {isa = PBXFileReference; lastKnownFileType = text; path = OLED.ino; sourceTree = "<group>"; };
		29EA905C275D22E300F3C556 /* buggyC2.png */ = {isa = PBXFileReference; lastKnownFileType = image.png; path = buggyC2.png; sourceTree = "<group>"; };
		29EA905D275F387A00F3C556 /* NGOLEDNotification.cpp */ = {isa = PBXFileReference; lastKnownFileType = sourcecode.cpp.cpp; path = NGOLEDNotification.cpp; sourceTree = "<group>"; };
		29EA905E275F387A00F3C556 /* NGOLEDNotification.h */ = {isa = PBXFileReference; lastKnownFileType = sourcecode.c.h; path = NGOLEDNotification.h; sourceTree = "<group>"; };
		29EA905F2761ECF700F3C556 /* NGQuestionDialog.cpp */ = {isa = PBXFileReference; lastKnownFileType = sourcecode.cpp.cpp; path = NGQuestionDialog.cpp; sourceTree = "<group>"; };
		29EA90602761ECF700F3C556 /* NGQuestionDialog.h */ = {isa = PBXFileReference; lastKnownFileType = sourcecode.c.h; path = NGQuestionDialog.h; sourceTree = "<group>"; };
		29EA90622763336000F3C556 /* questiondialog.ino */ = {isa = PBXFileReference; lastKnownFileType = text; path = questiondialog.ino; sourceTree = "<group>"; };
		29F2A78B26C2E059009C3822 /* motomanB5.png */ = {isa = PBXFileReference; lastKnownFileType = image.png; path = motomanB5.png; sourceTree = "<group>"; };
		29F56DE3273AE41E00BBBB68 /* NGJingleBoot.cpp */ = {isa = PBXFileReference; lastKnownFileType = sourcecode.cpp.cpp; path = NGJingleBoot.cpp; sourceTree = "<group>"; };
		29F56DE4273AE41E00BBBB68 /* NGJingleBoot.h */ = {isa = PBXFileReference; lastKnownFileType = sourcecode.c.h; path = NGJingleBoot.h; sourceTree = "<group>"; };
		29F56DE5273AF32F00BBBB68 /* NGBotRetriever.cpp */ = {isa = PBXFileReference; lastKnownFileType = sourcecode.cpp.cpp; path = NGBotRetriever.cpp; sourceTree = "<group>"; };
		29F56DE6273AF32F00BBBB68 /* NGBotRetriever.h */ = {isa = PBXFileReference; lastKnownFileType = sourcecode.c.h; path = NGBotRetriever.h; sourceTree = "<group>"; };
		29F56DE727401A2C00BBBB68 /* simpleFullTurns.txt */ = {isa = PBXFileReference; lastKnownFileType = text; path = simpleFullTurns.txt; sourceTree = "<group>"; };
		29F56DE927410B6600BBBB68 /* soundmachine.ino */ = {isa = PBXFileReference; lastKnownFileType = text; path = soundmachine.ino; sourceTree = "<group>"; };
		29F56DEB27410C5100BBBB68 /* lightsensor.ino */ = {isa = PBXFileReference; lastKnownFileType = text; path = lightsensor.ino; sourceTree = "<group>"; };
		29F56DED27410C9600BBBB68 /* flashinglight.ino */ = {isa = PBXFileReference; lastKnownFileType = text; path = flashinglight.ino; sourceTree = "<group>"; };
		29F56DEF27410CE700BBBB68 /* ultrasonic.ino */ = {isa = PBXFileReference; lastKnownFileType = text; path = ultrasonic.ino; sourceTree = "<group>"; };
		29F56DF127410D3100BBBB68 /* contact.ino */ = {isa = PBXFileReference; lastKnownFileType = text; path = contact.ino; sourceTree = "<group>"; };
		29F56DF327410D6D00BBBB68 /* lasercannon.ino */ = {isa = PBXFileReference; lastKnownFileType = text; path = lasercannon.ino; sourceTree = "<group>"; };
		29F56DF527410DCD00BBBB68 /* first.ino */ = {isa = PBXFileReference; lastKnownFileType = text; path = first.ino; sourceTree = "<group>"; };
		29F56DF627462D0D00BBBB68 /* NGMotionUnitControl.png */ = {isa = PBXFileReference; lastKnownFileType = image.png; path = NGMotionUnitControl.png; sourceTree = "<group>"; };
		29FD43C1278A0A7E00EAF0D9 /* NGCompass.cpp */ = {isa = PBXFileReference; lastKnownFileType = sourcecode.cpp.cpp; path = NGCompass.cpp; sourceTree = "<group>"; };
		29FD43C2278A0A7E00EAF0D9 /* NGCompass.h */ = {isa = PBXFileReference; lastKnownFileType = sourcecode.c.h; path = NGCompass.h; sourceTree = "<group>"; };
		29FD43C4278A0B7900EAF0D9 /* compass.ino */ = {isa = PBXFileReference; lastKnownFileType = text; path = compass.ino; sourceTree = "<group>"; };
		29FEFB172A2B284D0035F817 /* NGSimpleMotionMimic.cpp */ = {isa = PBXFileReference; lastKnownFileType = sourcecode.cpp.cpp; path = NGSimpleMotionMimic.cpp; sourceTree = "<group>"; };
		29FEFB182A2B284D0035F817 /* NGSimpleMotionMimic.h */ = {isa = PBXFileReference; lastKnownFileType = sourcecode.c.h; path = NGSimpleMotionMimic.h; sourceTree = "<group>"; };
/* End PBXFileReference section */

/* Begin PBXGroup section */
		2905F122264D4F97001B4A56 /* profile1 */ = {
			isa = PBXGroup;
			children = (
				29165F3125496946001D9497 /* profile1.ino */,
			);
			path = profile1;
			sourceTree = "<group>";
		};
		2905F123264D4FA5001B4A56 /* profile2 */ = {
			isa = PBXGroup;
			children = (
				29165F32254B5C14001D9497 /* profile2.ino */,
			);
			path = profile2;
			sourceTree = "<group>";
		};
		2905F124264F011D001B4A56 /* stop */ = {
			isa = PBXGroup;
			children = (
				2905F125264F0143001B4A56 /* stop.ino */,
			);
			path = stop;
			sourceTree = "<group>";
		};
		2913C93526FF543500D0AFC6 /* sound */ = {
			isa = PBXGroup;
			children = (
				2913C93226FF3D8E00D0AFC6 /* NGCustomJingle.h */,
				2913C93126FF3D8D00D0AFC6 /* NGCustomJingle.cpp */,
				29232B592780CBB200B85C8E /* NGMorseToneGenerator.h */,
				29232B582780CBB200B85C8E /* NGMorseToneGenerator.cpp */,
				2999D3202794482600B88B53 /* NGMorseToneNotification.h */,
				2999D31F2794482600B88B53 /* NGMorseToneNotification.cpp */,
				2913C93026FF357300D0AFC6 /* NGSoundMachine.h */,
				2913C92F26FF357300D0AFC6 /* NGSoundMachine.cpp */,
				29232B532780C7F400B85C8E /* jingles */,
			);
			name = sound;
			sourceTree = "<group>";
		};
		2913C93726FF54FA00D0AFC6 /* visuals */ = {
			isa = PBXGroup;
			children = (
				294E9C9029058EA400A3E17A /* NGColorDotMatrix.h */,
				294E9C8F29058EA400A3E17A /* NGColorDotMatrix.cpp */,
				294E9C95290D0BC700A3E17A /* NGColorDotMatrixBinaryDigit.h */,
				294E9C94290D0BC700A3E17A /* NGColorDotMatrixBinaryDigit.cpp */,
				29620D6E29B07D430020B874 /* NGColorDotMatrixDecimalDigit.h */,
				29620D6D29B07D430020B874 /* NGColorDotMatrixDecimalDigit.cpp */,
				29E8730329745EF400F7BF90 /* NGColorDotMatrixFuse.h */,
				29E8730229745EF400F7BF90 /* NGColorDotMatrixFuse.cpp */,
				29620D7B29B4BD5C0020B874 /* NGCommonGraphics.h */,
				29620D7A29B4BD5C0020B874 /* NGCommonGraphics.cpp */,
				29232B3A2779D44C00B85C8E /* NGDuoLED.h */,
				29232B392779D44C00B85C8E /* NGDuoLED.cpp */,
				2913C94D2702DE1500D0AFC6 /* NGFlashingLight.h */,
				2913C94C2702DE1500D0AFC6 /* NGFlashingLight.cpp */,
				299DEBEC272C6D02004B3B59 /* NGLaserCannon.h */,
				299DEBEB272C6D02004B3B59 /* NGLaserCannon.cpp */,
				29D7EC4026741FAB00009403 /* NGLCDNotification.h */,
				29D7EC3F26741FAB00009403 /* NGLCDNotification.cpp */,
				29EA905E275F387A00F3C556 /* NGOLEDNotification.h */,
				29EA905D275F387A00F3C556 /* NGOLEDNotification.cpp */,
				29620D7129B1FE370020B874 /* NGIPaintableComponent.h */,
				29970A7A29C76255004B7F2D /* NGIPaintableObject.h */,
				29EA90602761ECF700F3C556 /* NGQuestionDialog.h */,
				29EA905F2761ECF700F3C556 /* NGQuestionDialog.cpp */,
				29D7EC3A2673BFB800009403 /* NGSerialNotification.h */,
				29D7EC392673BFB800009403 /* NGSerialNotification.cpp */,
			);
			name = visuals;
			sourceTree = "<group>";
		};
		2913C93926FF554A00D0AFC6 /* common */ = {
			isa = PBXGroup;
			children = (
				29D7EC352670DC5100009403 /* NGCommon.h */,
				29D7EC362670DD2C00009403 /* NGCommon.cpp */,
				2977D31427DE0DE400F538B3 /* NGExceptionDefinitions.h */,
				2999D3212794841C00B88B53 /* NGITestableComponent.h */,
				29D7EC30266BF4E400009403 /* NGMemoryObserver.h */,
				29D7EC2F266BF4E400009403 /* NGMemoryObserver.cpp */,
				29232B43277A17B800B85C8E /* NGStrings.h */,
				29232B42277A17B800B85C8E /* NGStrings.cpp */,
			);
			name = common;
			sourceTree = "<group>";
		};
		2913C93A26FF67DB00D0AFC6 /* app */ = {
			isa = PBXGroup;
			children = (
				298E64202AC1528100CE1B85 /* NGAnchormanUnitControl.h */,
				298E641F2AC1528100CE1B85 /* NGAnchormanUnitControl.cpp */,
				294E9C9D290D5A8800A3E17A /* NGBinaryClockUnitControl.h */,
				294E9C9C290D5A8800A3E17A /* NGBinaryClockUnitControl.cpp */,
				29D947EF2A404A490018377D /* NGBluetoothRemoteUnitControl.h */,
				29D947EE2A404A490018377D /* NGBluetoothRemoteUnitControl.cpp */,
				29D7EC3E2673D0A000009403 /* NGCentralUnitControl.h */,
				29D7EC3D2673D0A000009403 /* NGCentralUnitControl.cpp */,
				29AA4E5928870AE40085BDAA /* NGCurrentMeasurementUnitControl.h */,
				29AA4E5828870AE40085BDAA /* NGCurrentMeasurementUnitControl.cpp */,
				29D7EC342670D7D800009403 /* NGCustomUnitControl.h */,
				29D7EC332670D7D800009403 /* NGCustomUnitControl.cpp */,
				29E24C7727F33F4D0009F0CF /* NGIrrigationUnitControl.h */,
				29E24C7627F33F4D0009F0CF /* NGIrrigationUnitControl.cpp */,
				2913C94F27033B8600D0AFC6 /* NGMotionUnitControl.h */,
				2913C94E27033B8600D0AFC6 /* NGMotionUnitControl.cpp */,
				2905F121264D385A001B4A56 /* NGUnitControl.h */,
				292E8FF526620C690042F249 /* NGUnitControl.cpp */,
				29DC5F9628A84F1E00CCEEB1 /* NGWirelessRemoteUnitControl.h */,
				29DC5F9528A84F1E00CCEEB1 /* NGWirelessRemoteUnitControl.cpp */,
			);
			name = app;
			sourceTree = "<group>";
		};
		2913C94727018C9800D0AFC6 /* sensors */ = {
			isa = PBXGroup;
			children = (
				29FD43C2278A0A7E00EAF0D9 /* NGCompass.h */,
				29FD43C1278A0A7E00EAF0D9 /* NGCompass.cpp */,
				29B376272726FE7C00D8780B /* NGContactObjectRecognizer.h */,
				29B376262726FE7C00D8780B /* NGContactObjectRecognizer.cpp */,
				29AA4E572882254D0085BDAA /* NGCurrentSensor.h */,
				29AA4E562882254D0085BDAA /* NGCurrentSensor.cpp */,
				29B376252726816300D8780B /* NGCustomObjectRecognizer.h */,
				29B376242726816300D8780B /* NGCustomObjectRecognizer.cpp */,
				29B39E2627CBF1C4008507A2 /* NGGyroscope.h */,
				29B39E2527CBF1C4008507A2 /* NGGyroscope.cpp */,
				2913C94927018CD900D0AFC6 /* NGLightSensor.h */,
				2913C94827018CD900D0AFC6 /* NGLightSensor.cpp */,
				29D60E8C27F32D8E00FCA53A /* NGSoilMoistureSensor.h */,
				29D60E8B27F32D8E00FCA53A /* NGSoilMoistureSensor.cpp */,
				29232B3F277A0FB300B85C8E /* NGTemperatureSensor.h */,
				29232B3E277A0FB300B85C8E /* NGTemperatureSensor.cpp */,
				29B39E2227CBE012008507A2 /* NGTimeOfFlightObjectRecognizer.h */,
				29B39E2127CBE012008507A2 /* NGTimeOfFlightObjectRecognizer.cpp */,
				296CD4E7272DA0EC003E27DA /* NGUltrasonicObjectRecognizer.h */,
				296CD4E6272DA0EC003E27DA /* NGUltrasonicObjectRecognizer.cpp */,
			);
			name = sensors;
			sourceTree = "<group>";
		};
		29165F302549692B001D9497 /* profiles */ = {
			isa = PBXGroup;
			children = (
				2905F122264D4F97001B4A56 /* profile1 */,
				2905F123264D4FA5001B4A56 /* profile2 */,
			);
			path = profiles;
			sourceTree = "<group>";
		};
		29232B3B2779D53F00B85C8E /* duoLED */ = {
			isa = PBXGroup;
			children = (
				29232B3C2779D56800B85C8E /* duoLED.ino */,
			);
			path = duoLED;
			sourceTree = "<group>";
		};
		29232B40277A13F600B85C8E /* temperaturesensor */ = {
			isa = PBXGroup;
			children = (
				29232B41277A144100B85C8E /* temperaturesensor.ino */,
			);
			path = temperaturesensor;
			sourceTree = "<group>";
		};
		29232B46277CBFB400B85C8E /* relaiscontrol */ = {
			isa = PBXGroup;
			children = (
				29232B47277CBFE800B85C8E /* relaiscontrol.ino */,
			);
			path = relaiscontrol;
			sourceTree = "<group>";
		};
		29232B48277D874100B85C8E /* misc */ = {
			isa = PBXGroup;
			children = (
				29D7EC382673B88300009403 /* NGCustomNotification.h */,
				29D7EC372673B88300009403 /* NGCustomNotification.cpp */,
				29232B4A277D87A100B85C8E /* NGRealTimeClock.h */,
				29232B49277D87A100B85C8E /* NGRealTimeClock.cpp */,
				297E229B291AD46A00E549DF /* NGSimpleKeypad.h */,
				297E229A291AD46A00E549DF /* NGSimpleKeypad.cpp */,
			);
			name = misc;
			sourceTree = "<group>";
		};
		29232B4B277D8BC200B85C8E /* realtimeclock */ = {
			isa = PBXGroup;
			children = (
				29232B4C277D8BEA00B85C8E /* realtimeclock.ino */,
			);
			path = realtimeclock;
			sourceTree = "<group>";
		};
		29232B532780C7F400B85C8E /* jingles */ = {
			isa = PBXGroup;
			children = (
				2913C94627007BB200D0AFC6 /* NGJingleAlarm.h */,
				2913C94527007BB200D0AFC6 /* NGJingleAlarm.cpp */,
				29B3761F271DF56300D8780B /* NGJingleBackward.h */,
				29B3761E271DF56300D8780B /* NGJingleBackward.cpp */,
				293B4CD8276F75F4009EC17A /* NGJingleBeep.h */,
				293B4CD7276F75F4009EC17A /* NGJingleBeep.cpp */,
				29F56DE4273AE41E00BBBB68 /* NGJingleBoot.h */,
				29F56DE3273AE41E00BBBB68 /* NGJingleBoot.cpp */,
				293B4CDE27771F59009EC17A /* NGJingleChristmasSong.h */,
				293B4CDD27771F59009EC17A /* NGJingleChristmasSong.cpp */,
				2913C93426FF434A00D0AFC6 /* NGJingleGorilla.h */,
				2913C93326FF434A00D0AFC6 /* NGJingleGorilla.cpp */,
				2913C944270077AE00D0AFC6 /* NGJingleHelloDude.h */,
				2913C943270077AE00D0AFC6 /* NGJingleHelloDude.cpp */,
				293B4CDA27771584009EC17A /* NGJingleJingleBells.h */,
				293B4CD927771584009EC17A /* NGJingleJingleBells.cpp */,
				29232B522780858200B85C8E /* NGJingleMorseBreakLetter.h */,
				29232B512780858200B85C8E /* NGJingleMorseBreakLetter.cpp */,
				29232B552780C83A00B85C8E /* NGJingleMorseBreakWord.h */,
				29232B542780C83A00B85C8E /* NGJingleMorseBreakWord.cpp */,
				29232B50277F6F0300B85C8E /* NGJingleMorseDah.h */,
				29232B4F277F6F0300B85C8E /* NGJingleMorseDah.cpp */,
				29232B4E277F587B00B85C8E /* NGJingleMorseDit.h */,
				29232B4D277F587B00B85C8E /* NGJingleMorseDit.cpp */,
				2913C93C26FF687E00D0AFC6 /* NGJinglePopcorn.h */,
				2913C93B26FF687E00D0AFC6 /* NGJinglePopcorn.cpp */,
				2913C93E26FF6ABF00D0AFC6 /* NGJingleSuperMario.h */,
				2913C93D26FF6ABF00D0AFC6 /* NGJingleSuperMario.cpp */,
				2913C942270054DD00D0AFC6 /* NGJingleSuperMarioShort.h */,
				2913C941270054DD00D0AFC6 /* NGJingleSuperMarioShort.cpp */,
				299DEBEA272A6DE7004B3B59 /* NGJingleThinking.h */,
				299DEBE9272A6DE7004B3B59 /* NGJingleThinking.cpp */,
			);
			name = jingles;
			sourceTree = "<group>";
		};
		29232B562780CB6500B85C8E /* morsetonegenerator */ = {
			isa = PBXGroup;
			children = (
				29232B572780CB8B00B85C8E /* morsetonegenerator.ino */,
			);
			path = morsetonegenerator;
			sourceTree = "<group>";
		};
		294E9C9129072E9900A3E17A /* colordotmatrix */ = {
			isa = PBXGroup;
			children = (
				294E9C9229072EC800A3E17A /* colordotmatrix.ino */,
				294E9C97290D0E5800A3E17A /* colordotmatrixbinarydigit.ino */,
				29620D7029B07DB70020B874 /* colotdotmatrixdecimaldigit.ino */,
				29E87305297461ED00F7BF90 /* colordotmatrixfuse.ino */,
			);
			path = colordotmatrix;
			sourceTree = "<group>";
		};
		294E9C98290D5A0B00A3E17A /* binaryclock */ = {
			isa = PBXGroup;
			children = (
				294E9C99290D5A1B00A3E17A /* images */,
				294E9C9A290D5A2500A3E17A /* binaryclock */,
			);
			path = binaryclock;
			sourceTree = "<group>";
		};
		294E9C99290D5A1B00A3E17A /* images */ = {
			isa = PBXGroup;
			children = (
				2992F0F2291FB80F00A91B2A /* BinaryClockH0.png */,
				29A6A6DC2948C28F0018F4F3 /* BinaryClockH1.png */,
			);
			path = images;
			sourceTree = "<group>";
		};
		294E9C9A290D5A2500A3E17A /* binaryclock */ = {
			isa = PBXGroup;
			children = (
				294E9C9B290D5A4400A3E17A /* binaryclock.ino */,
			);
			path = binaryclock;
			sourceTree = "<group>";
		};
		29647BBA253C42A5003CBA13 = {
			isa = PBXGroup;
			children = (
				29647BCB253C7783003CBA13 /* docs */,
				29647BC6253C4AFD003CBA13 /* library.properties */,
				29647BC5253C4A53003CBA13 /* LICENSE */,
				29647BC4253C449A003CBA13 /* README.md */,
				29647BC3253C43B2003CBA13 /* keywords.txt */,
				29647BC2253C430C003CBA13 /* examples */,
				29AA4E512881A60D0085BDAA /* projects */,
				29647BC1253C42E8003CBA13 /* src */,
			);
			sourceTree = "<group>";
		};
		29647BC1253C42E8003CBA13 /* src */ = {
			isa = PBXGroup;
			children = (
				2913C93926FF554A00D0AFC6 /* common */,
				2999D31A2791CDE700B88B53 /* communication */,
				29232B48277D874100B85C8E /* misc */,
				2913C94727018C9800D0AFC6 /* sensors */,
				2913C93526FF543500D0AFC6 /* sound */,
				29958E5B2718A7A4007048E3 /* specs */,
				2913C93726FF54FA00D0AFC6 /* visuals */,
				2913C93A26FF67DB00D0AFC6 /* app */,
				29DC5F8E28A4076700CCEEB1 /* NGCarSteeringControl.h */,
				29DC5F8D28A4076700CCEEB1 /* NGCarSteeringControl.cpp */,
				29620D6B29ABDE410020B874 /* NGCaterpillarSteeringControl.h */,
				29620D6A29ABDE410020B874 /* NGCaterpillarSteeringControl.cpp */,
				29DC5F8C28A37B6F00CCEEB1 /* NGCustomSteeringControl.h */,
				29DC5F8B28A37B6F00CCEEB1 /* NGCustomSteeringControl.cpp */,
				29647BC7253C515C003CBA13 /* NGEngineControl.h */,
				29647BC8253C5273003CBA13 /* NGEngineControl.cpp */,
				292E8FF3265FFAF50042F249 /* NGGripperControl.h */,
				292E8FF4265FFC6A0042F249 /* NGGripperControl.cpp */,
				2905F11F264AD273001B4A56 /* NGJointControl.h */,
				2905F120264AD58E001B4A56 /* NGJointControl.cpp */,
				29DC5F9228A820EA00CCEEB1 /* NGJoystickControl.h */,
				29DC5F9128A820EA00CCEEB1 /* NGJoystickControl.cpp */,
				299C0E2026D7E89D00F5A60D /* NGSteeringControl.h */,
				299C0E1F26D7E89D00F5A60D /* NGSteeringControl.cpp */,
				29E24C7927F3889D0009F0CF /* NGPumpControl.h */,
				29E24C7827F3889D0009F0CF /* NGPumpControl.cpp */,
				29232B45277CBE6D00B85C8E /* NGRelaisControl.h */,
				29232B44277CBE6D00B85C8E /* NGRelaisControl.cpp */,
				29E8CD5C28B93E5C009AAC11 /* NGServoControl.h */,
				29E8CD5B28B93E5C009AAC11 /* NGServoControl.cpp */,
			);
			path = src;
			sourceTree = "<group>";
		};
		29647BC2253C430C003CBA13 /* examples */ = {
			isa = PBXGroup;
			children = (
				29D947E02A36F48A0018377D /* bluetooth */,
				294E9C9129072E9900A3E17A /* colordotmatrix */,
				29FD43C3278A0B5800EAF0D9 /* compass */,
				29F56DF027410D1D00BBBB68 /* contact */,
				29232B3B2779D53F00B85C8E /* duoLED */,
				29E57BBE28771A46000B6C49 /* enginecontrol */,
				29F56DF427410DBE00BBBB68 /* first */,
				29F56DEC27410C6900BBBB68 /* flashinglight */,
				29B39E2727CBF56E008507A2 /* gyroscope */,
				2999D31D2792DC4400B88B53 /* I2CScanner */,
				2965FFD2289846DE007D5D28 /* IRremote */,
				29DC5F9328A8242C00CCEEB1 /* joystick */,
				29F56DF227410D5900BBBB68 /* lasercannon */,
				29F56DEA27410C1A00BBBB68 /* lightsensor */,
				29C9083D290EA9A300F6A704 /* love */,
				29232B562780CB6500B85C8E /* morsetonegenerator */,
				29DC5F8F28A5051800CCEEB1 /* motioncontrol */,
				29EA905A275BAB8600F3C556 /* OLED */,
				29E71C9027F76DC90046A707 /* pumpcontrol */,
				29EA90612763333100F3C556 /* questiondialog */,
				29232B4B277D8BC200B85C8E /* realtimeclock */,
				29232B46277CBFB400B85C8E /* relaiscontrol */,
				29E8CD5D28B9F636009AAC11 /* servocontrol */,
				297E229C291ADA4000E549DF /* simplekeypad */,
				29D60E8D27F339C000FCA53A /* soilmoisturesensor */,
				29F56DE827410B3C00BBBB68 /* soundmachine */,
				29DC5F8928A2EF9000CCEEB1 /* steeringcontrol */,
				29232B40277A13F600B85C8E /* temperaturesensor */,
				29B39E2327CBE381008507A2 /* timeofflight */,
				29F56DEE27410CCB00BBBB68 /* ultrasonic */,
				29DC5F8728A27F8400CCEEB1 /* wirelessreceiver */,
			);
			path = examples;
			sourceTree = "<group>";
		};
		29647BC9253C5F85003CBA13 /* simple */ = {
			isa = PBXGroup;
			children = (
				29647BCA253C5F97003CBA13 /* simple.ino */,
			);
			path = simple;
			sourceTree = "<group>";
		};
		29647BCB253C7783003CBA13 /* docs */ = {
			isa = PBXGroup;
			children = (
				29647BCC253C7794003CBA13 /* images */,
				2917D45128DBBC440004FDD6 /* Pages.txt */,
				2913C92D26FBBAE300D0AFC6 /* ToDo.txt */,
			);
			path = docs;
			sourceTree = "<group>";
		};
		29647BCC253C7794003CBA13 /* images */ = {
			isa = PBXGroup;
			children = (
				29AF3EC1265F77370055A9FC /* EngineShield.png */,
				298A66D12565501F00393741 /* eNGineShieldSchema.png */,
				29F56DF627462D0D00BBBB68 /* NGMotionUnitControl.png */,
			);
			path = images;
			sourceTree = "<group>";
		};
		2965FFD2289846DE007D5D28 /* IRremote */ = {
			isa = PBXGroup;
			children = (
				2965FFD328984717007D5D28 /* IRremote.ino */,
			);
			path = IRremote;
			sourceTree = "<group>";
		};
		2965FFD428984A18007D5D28 /* speedy */ = {
			isa = PBXGroup;
			children = (
				2965FFD628984A43007D5D28 /* images */,
				2965FFD528984A37007D5D28 /* speedy */,
			);
			path = speedy;
			sourceTree = "<group>";
		};
		2965FFD528984A37007D5D28 /* speedy */ = {
			isa = PBXGroup;
			children = (
				2965FFD728984A59007D5D28 /* speedyOne.ino */,
				298392B72A2CEEBB00BB5ACA /* SpeedyTwo.ino */,
			);
			path = speedy;
			sourceTree = "<group>";
		};
		2965FFD628984A43007D5D28 /* images */ = {
			isa = PBXGroup;
			children = (
				292F9CC528EA01770051D764 /* speedyF1.png */,
				2928BCF328BD1F0100BEB37E /* speedyF0.png */,
				291070DF2A24EAE500ECFC2E /* speedyF2.png */,
			);
			path = images;
			sourceTree = "<group>";
		};
		297E229C291ADA4000E549DF /* simplekeypad */ = {
			isa = PBXGroup;
			children = (
				297E229D291ADA7500E549DF /* simplekeypad.ino */,
			);
			path = simplekeypad;
			sourceTree = "<group>";
		};
		298E64212AC1537B00CE1B85 /* anchorman */ = {
			isa = PBXGroup;
			children = (
				298E64232AC1539900CE1B85 /* images */,
				298E64222AC1538900CE1B85 /* anchorman */,
			);
			path = anchorman;
			sourceTree = "<group>";
		};
		298E64222AC1538900CE1B85 /* anchorman */ = {
			isa = PBXGroup;
			children = (
				298E64242AC153CC00CE1B85 /* anchorman.ino */,
			);
			path = anchorman;
			sourceTree = "<group>";
		};
		298E64232AC1539900CE1B85 /* images */ = {
			isa = PBXGroup;
			children = (
			);
			path = images;
			sourceTree = "<group>";
		};
		29958E58271749D8007048E3 /* sequences */ = {
			isa = PBXGroup;
			children = (
				29D0FFE428257539008B3231 /* simpleForwardTurns.txt */,
				29D0FFE528257578008B3231 /* simpleBackwardTurns.txt */,
				29958E5D2718BF5E007048E3 /* simpleStartStop.txt */,
				29F56DE727401A2C00BBBB68 /* simpleFullTurns.txt */,
			);
			path = sequences;
			sourceTree = "<group>";
		};
		29958E5B2718A7A4007048E3 /* specs */ = {
			isa = PBXGroup;
			children = (
				29F56DE6273AF32F00BBBB68 /* NGBotRetriever.h */,
				29F56DE5273AF32F00BBBB68 /* NGBotRetriever.cpp */,
				29B376232721310000D8780B /* NGCaveExplorer.h */,
				29B376222721310000D8780B /* NGCaveExplorer.cpp */,
				29DAAB9827B022ED000E56F1 /* NGCustomMotionControl.h */,
				29DAAB9727B022ED000E56F1 /* NGCustomMotionControl.cpp */,
				29B37621271E901500D8780B /* NGCustomMotionMimic.h */,
				29B37620271E901500D8780B /* NGCustomMotionMimic.cpp */,
				29958E5C2718A800007048E3 /* NGMotionSequenceDefinitions.h */,
				294E9C8D28F7C45A00A3E17A /* NGMotionSequenceStorage.h */,
				294E9C8C28F7C45A00A3E17A /* NGMotionSequenceStorage.cpp */,
				294E9C8B28F325A900A3E17A /* NGRemoteMotionControl.h */,
				294E9C8A28F325A900A3E17A /* NGRemoteMotionControl.cpp */,
				29DAAB9C27B03057000E56F1 /* NGSimpleMotionControl.h */,
				29DAAB9B27B03057000E56F1 /* NGSimpleMotionControl.cpp */,
				29FEFB182A2B284D0035F817 /* NGSimpleMotionMimic.h */,
				29FEFB172A2B284D0035F817 /* NGSimpleMotionMimic.cpp */,
				29DAAB9A27B02DD1000E56F1 /* NGVoidMotionMimic.h */,
				29DAAB9927B02DD1000E56F1 /* NGVoidMotionMimic.cpp */,
			);
			name = specs;
			sourceTree = "<group>";
		};
		2999D31A2791CDE700B88B53 /* communication */ = {
			isa = PBXGroup;
			children = (
				29D947E52A374B400018377D /* NGBluetooth.h */,
				29D947E72A376B650018377D /* NGBluetoothMaster.h */,
				29D947E62A376B650018377D /* NGBluetoothMaster.cpp */,
				29D947E92A3A06330018377D /* NGBluetoothSlave.h */,
				29D947E82A3A06330018377D /* NGBluetoothSlave.cpp */,
				2999D31C2791CE2500B88B53 /* NGI2CScanner.h */,
				2999D31B2791CE2500B88B53 /* NGI2CScanner.cpp */,
				29DC5F8628A2384200CCEEB1 /* NGSimpleWirelessReceiver.h */,
				29DC5F8528A2384200CCEEB1 /* NGSimpleWirelessReceiver.cpp */,
			);
			name = communication;
			sourceTree = "<group>";
		};
		2999D31D2792DC4400B88B53 /* I2CScanner */ = {
			isa = PBXGroup;
			children = (
				2999D31E2792DC6E00B88B53 /* I2CScanner.ino */,
			);
			path = I2CScanner;
			sourceTree = "<group>";
		};
		299C0E1B26D75CCE00F5A60D /* buggy */ = {
			isa = PBXGroup;
			children = (
				29958E58271749D8007048E3 /* sequences */,
				299C0E1C26D75D2F00F5A60D /* images */,
				299C0E1D26D75D6400F5A60D /* buggy */,
			);
			path = buggy;
			sourceTree = "<group>";
		};
		299C0E1C26D75D2F00F5A60D /* images */ = {
			isa = PBXGroup;
			children = (
				297E99C52709A8A800B9C9FA /* buggyMotionUnitSchema.png */,
				29958E572711CA5B007048E3 /* buggyC0.png */,
				296CD4E9272ED298003E27DA /* buggyC1.png */,
				296CD4E8272ED298003E27DA /* buggyC1a.png */,
				29EA905C275D22E300F3C556 /* buggyC2.png */,
				29232B3D2779EEC800B85C8E /* buggyC3.png */,
			);
			path = images;
			sourceTree = "<group>";
		};
		299C0E1D26D75D6400F5A60D /* buggy */ = {
			isa = PBXGroup;
			children = (
				299C0E1E26D7E7EC00F5A60D /* buggy.ino */,
			);
			path = buggy;
			sourceTree = "<group>";
		};
		29AA4E512881A60D0085BDAA /* projects */ = {
			isa = PBXGroup;
			children = (
				298E64212AC1537B00CE1B85 /* anchorman */,
				29D947EA2A3F1A1C0018377D /* bluetoothremotecontrol */,
				294E9C98290D5A0B00A3E17A /* binaryclock */,
				299C0E1B26D75CCE00F5A60D /* buggy */,
				29AA4E522881A6BC0085BDAA /* currentmeasurement */,
				29D60E8F27F33C1000FCA53A /* irrigationsystem */,
				29E6BA59263C6030007BCE9F /* motoman */,
				2965FFD428984A18007D5D28 /* speedy */,
				29DC5F9728A84FC800CCEEB1 /* wirelessremotecontrol */,
			);
			path = projects;
			sourceTree = "<group>";
		};
		29AA4E522881A6BC0085BDAA /* currentmeasurement */ = {
			isa = PBXGroup;
			children = (
				29AA4E532881A7160085BDAA /* images */,
				29AA4E542881A7220085BDAA /* currentmeasurement */,
			);
			path = currentmeasurement;
			sourceTree = "<group>";
		};
		29AA4E532881A7160085BDAA /* images */ = {
			isa = PBXGroup;
			children = (
				29D43EE6288C5D45003AB391 /* currentmeasurementE0.png */,
			);
			path = images;
			sourceTree = "<group>";
		};
		29AA4E542881A7220085BDAA /* currentmeasurement */ = {
			isa = PBXGroup;
			children = (
				29AA4E552881A73C0085BDAA /* currentmeasurement.ino */,
			);
			path = currentmeasurement;
			sourceTree = "<group>";
		};
		29B39E2327CBE381008507A2 /* timeofflight */ = {
			isa = PBXGroup;
			children = (
				29B39E2427CBE3C0008507A2 /* timeofflight.ino */,
			);
			path = timeofflight;
			sourceTree = "<group>";
		};
		29B39E2727CBF56E008507A2 /* gyroscope */ = {
			isa = PBXGroup;
			children = (
				29B39E2827CBF599008507A2 /* gyroscope.ino */,
			);
			path = gyroscope;
			sourceTree = "<group>";
		};
		29C08F8A27FF2B4A00F821AC /* images */ = {
			isa = PBXGroup;
			children = (
				290A819F27FF3091007E7BC9 /* bonsai.png */,
				290A81A027FF32F1007E7BC9 /* irrigationsystemD0.png */,
				290A81A128030A64007E7BC9 /* irrigationsystemD1.png */,
				292F9CC428E98C540051D764 /* irrigationsystemD2.png */,
			);
			path = images;
			sourceTree = "<group>";
		};
		29C9083D290EA9A300F6A704 /* love */ = {
			isa = PBXGroup;
			children = (
				29C9083E290EA9C400F6A704 /* love.ino */,
			);
			path = love;
			sourceTree = "<group>";
		};
		29D60E8D27F339C000FCA53A /* soilmoisturesensor */ = {
			isa = PBXGroup;
			children = (
				29D60E8E27F339ED00FCA53A /* soilmoisturesensor.ino */,
			);
			path = soilmoisturesensor;
			sourceTree = "<group>";
		};
		29D60E8F27F33C1000FCA53A /* irrigationsystem */ = {
			isa = PBXGroup;
			children = (
				29C08F8A27FF2B4A00F821AC /* images */,
				29E24C7427F33D5F0009F0CF /* irrigationsystem */,
			);
			path = irrigationsystem;
			sourceTree = "<group>";
		};
		29D7EC31266CE5EC00009403 /* toolunit */ = {
			isa = PBXGroup;
			children = (
				29D7EC32266CE63000009403 /* toolunit.ino */,
			);
			path = toolunit;
			sourceTree = "<group>";
		};
		29D7EC3B2673CE9100009403 /* centralunit */ = {
			isa = PBXGroup;
			children = (
				29D7EC3C2673CED200009403 /* centralunit.ino */,
			);
			path = centralunit;
			sourceTree = "<group>";
		};
		29D7EC4126750DA100009403 /* motionunit */ = {
			isa = PBXGroup;
			children = (
				29D7EC4226750DEE00009403 /* motionunit.ino */,
			);
			path = motionunit;
			sourceTree = "<group>";
		};
		29D947E02A36F48A0018377D /* bluetooth */ = {
			isa = PBXGroup;
			children = (
				29D947E12A36F4D30018377D /* bluetoothmaster */,
				29D947E22A36F4DB0018377D /* bluetoothslave */,
			);
			path = bluetooth;
			sourceTree = "<group>";
		};
		29D947E12A36F4D30018377D /* bluetoothmaster */ = {
			isa = PBXGroup;
			children = (
				29D947E32A36F5300018377D /* bluetoothmaster.ino */,
			);
			path = bluetoothmaster;
			sourceTree = "<group>";
		};
		29D947E22A36F4DB0018377D /* bluetoothslave */ = {
			isa = PBXGroup;
			children = (
				29D947E42A36F5550018377D /* bluetoothslave.ino */,
			);
			path = bluetoothslave;
			sourceTree = "<group>";
		};
		29D947EA2A3F1A1C0018377D /* bluetoothremotecontrol */ = {
			isa = PBXGroup;
			children = (
				29D947EB2A3F1A330018377D /* images */,
				29D947EC2A3F1A440018377D /* bluetoothremotecontrol */,
			);
			path = bluetoothremotecontrol;
			sourceTree = "<group>";
		};
		29D947EB2A3F1A330018377D /* images */ = {
			isa = PBXGroup;
			children = (
			);
			path = images;
			sourceTree = "<group>";
		};
		29D947EC2A3F1A440018377D /* bluetoothremotecontrol */ = {
			isa = PBXGroup;
			children = (
				29D947ED2A3F1A760018377D /* bluetoothremotecontrol.ino */,
			);
			path = bluetoothremotecontrol;
			sourceTree = "<group>";
		};
		29DC5F8728A27F8400CCEEB1 /* wirelessreceiver */ = {
			isa = PBXGroup;
			children = (
				29DC5F8828A27FC500CCEEB1 /* wirelessreceiver.ino */,
			);
			path = wirelessreceiver;
			sourceTree = "<group>";
		};
		29DC5F8928A2EF9000CCEEB1 /* steeringcontrol */ = {
			isa = PBXGroup;
			children = (
				29DC5F8A28A2EFC200CCEEB1 /* carsteeringcontrol.ino */,
				29620D6C29ABE1140020B874 /* caterpillarsteeringcontrol.ino */,
			);
			path = steeringcontrol;
			sourceTree = "<group>";
		};
		29DC5F8F28A5051800CCEEB1 /* motioncontrol */ = {
			isa = PBXGroup;
			children = (
				29DC5F9028A5053A00CCEEB1 /* motioncontrol.ino */,
			);
			path = motioncontrol;
			sourceTree = "<group>";
		};
		29DC5F9328A8242C00CCEEB1 /* joystick */ = {
			isa = PBXGroup;
			children = (
				29DC5F9428A8244400CCEEB1 /* joystick.ino */,
			);
			path = joystick;
			sourceTree = "<group>";
		};
		29DC5F9728A84FC800CCEEB1 /* wirelessremotecontrol */ = {
			isa = PBXGroup;
			children = (
				29DC5F9A28A8501A00CCEEB1 /* images */,
				29DC5F9928A8500700CCEEB1 /* wirelessremotecontrol */,
			);
			path = wirelessremotecontrol;
			sourceTree = "<group>";
		};
		29DC5F9928A8500700CCEEB1 /* wirelessremotecontrol */ = {
			isa = PBXGroup;
			children = (
				29DC5F9828A84FF900CCEEB1 /* wirelessremotecontrol.ino */,
			);
			path = wirelessremotecontrol;
			sourceTree = "<group>";
		};
		29DC5F9A28A8501A00CCEEB1 /* images */ = {
			isa = PBXGroup;
			children = (
				292F9CC328E9823B0051D764 /* WirelessRemoteG3.png */,
				292F9CBD28E9821F0051D764 /* WirelessRemoteG2.png */,
				29D8FAC628DDB5E300598278 /* WirelessRemoteG1.png */,
				2917D44F28DBB7430004FDD6 /* WirelessRemoteG0.png */,
			);
			path = images;
			sourceTree = "<group>";
		};
		29E24C7427F33D5F0009F0CF /* irrigationsystem */ = {
			isa = PBXGroup;
			children = (
				29E24C7527F33D8B0009F0CF /* irrigationsystem.ino */,
			);
			path = irrigationsystem;
			sourceTree = "<group>";
		};
		29E57BBE28771A46000B6C49 /* enginecontrol */ = {
			isa = PBXGroup;
			children = (
				29E57BBF28771CE1000B6C49 /* complex */,
				29165F302549692B001D9497 /* profiles */,
				29647BC9253C5F85003CBA13 /* simple */,
				2905F124264F011D001B4A56 /* stop */,
			);
			path = enginecontrol;
			sourceTree = "<group>";
		};
		29E57BBF28771CE1000B6C49 /* complex */ = {
			isa = PBXGroup;
			children = (
				29E57BC028771D3F000B6C49 /* complex.ino */,
			);
			path = complex;
			sourceTree = "<group>";
		};
		29E6BA59263C6030007BCE9F /* motoman */ = {
			isa = PBXGroup;
			children = (
				29E6BA5B263C6098007BCE9F /* images */,
				29D7EC3B2673CE9100009403 /* centralunit */,
				29D7EC31266CE5EC00009403 /* toolunit */,
				29D7EC4126750DA100009403 /* motionunit */,
			);
			path = motoman;
			sourceTree = "<group>";
		};
		29E6BA5B263C6098007BCE9F /* images */ = {
			isa = PBXGroup;
			children = (
				299C0E2B26DA2BDC00F5A60D /* motomanDude.png */,
				299C0E2226DA21FA00F5A60D /* motomanSchema.png */,
				299C0E2126DA1AE100F5A60D /* motomanB6.png */,
				29B7A2C926C2E0F000D25BC8 /* motomanCentalUnit.png */,
				29B7A2C826C2E0D000D25BC8 /* motomanB5Central.png */,
				29F2A78B26C2E059009C3822 /* motomanB5.png */,
				29E6BA5A263C6070007BCE9F /* motomanB3.png */,
			);
			path = images;
			sourceTree = "<group>";
		};
		29E71C9027F76DC90046A707 /* pumpcontrol */ = {
			isa = PBXGroup;
			children = (
				29E71C9127F76DE80046A707 /* pumpcontrol.ino */,
			);
			path = pumpcontrol;
			sourceTree = "<group>";
		};
		29E8CD5D28B9F636009AAC11 /* servocontrol */ = {
			isa = PBXGroup;
			children = (
				29E8CD5E28B9F664009AAC11 /* servocontrol.ino */,
			);
			path = servocontrol;
			sourceTree = "<group>";
		};
		29EA905A275BAB8600F3C556 /* OLED */ = {
			isa = PBXGroup;
			children = (
				29EA905B275BABCA00F3C556 /* OLED.ino */,
			);
			path = OLED;
			sourceTree = "<group>";
		};
		29EA90612763333100F3C556 /* questiondialog */ = {
			isa = PBXGroup;
			children = (
				29EA90622763336000F3C556 /* questiondialog.ino */,
			);
			path = questiondialog;
			sourceTree = "<group>";
		};
		29F56DE827410B3C00BBBB68 /* soundmachine */ = {
			isa = PBXGroup;
			children = (
				29F56DE927410B6600BBBB68 /* soundmachine.ino */,
			);
			path = soundmachine;
			sourceTree = "<group>";
		};
		29F56DEA27410C1A00BBBB68 /* lightsensor */ = {
			isa = PBXGroup;
			children = (
				29F56DEB27410C5100BBBB68 /* lightsensor.ino */,
			);
			path = lightsensor;
			sourceTree = "<group>";
		};
		29F56DEC27410C6900BBBB68 /* flashinglight */ = {
			isa = PBXGroup;
			children = (
				29F56DED27410C9600BBBB68 /* flashinglight.ino */,
			);
			path = flashinglight;
			sourceTree = "<group>";
		};
		29F56DEE27410CCB00BBBB68 /* ultrasonic */ = {
			isa = PBXGroup;
			children = (
				29F56DEF27410CE700BBBB68 /* ultrasonic.ino */,
			);
			path = ultrasonic;
			sourceTree = "<group>";
		};
		29F56DF027410D1D00BBBB68 /* contact */ = {
			isa = PBXGroup;
			children = (
				29F56DF127410D3100BBBB68 /* contact.ino */,
			);
			path = contact;
			sourceTree = "<group>";
		};
		29F56DF227410D5900BBBB68 /* lasercannon */ = {
			isa = PBXGroup;
			children = (
				29F56DF327410D6D00BBBB68 /* lasercannon.ino */,
			);
			path = lasercannon;
			sourceTree = "<group>";
		};
		29F56DF427410DBE00BBBB68 /* first */ = {
			isa = PBXGroup;
			children = (
				29F56DF527410DCD00BBBB68 /* first.ino */,
			);
			path = first;
			sourceTree = "<group>";
		};
		29FD43C3278A0B5800EAF0D9 /* compass */ = {
			isa = PBXGroup;
			children = (
				29FD43C4278A0B7900EAF0D9 /* compass.ino */,
			);
			path = compass;
			sourceTree = "<group>";
		};
/* End PBXGroup section */

/* Begin PBXProject section */
		29647BBB253C42A5003CBA13 /* Project object */ = {
			isa = PBXProject;
			attributes = {
				LastUpgradeCheck = 1400;
			};
			buildConfigurationList = 29647BBE253C42A5003CBA13 /* Build configuration list for PBXProject "NGEngineControl" */;
			compatibilityVersion = "Xcode 9.3";
			developmentRegion = en;
			hasScannedForEncodings = 0;
			knownRegions = (
				en,
				Base,
			);
			mainGroup = 29647BBA253C42A5003CBA13;
			projectDirPath = "";
			projectRoot = "";
			targets = (
			);
		};
/* End PBXProject section */

/* Begin XCBuildConfiguration section */
		29647BBF253C42A5003CBA13 /* Debug */ = {
			isa = XCBuildConfiguration;
			buildSettings = {
				CLANG_WARN_BLOCK_CAPTURE_AUTORELEASING = YES;
				CLANG_WARN_BOOL_CONVERSION = YES;
				CLANG_WARN_COMMA = YES;
				CLANG_WARN_CONSTANT_CONVERSION = YES;
				CLANG_WARN_DEPRECATED_OBJC_IMPLEMENTATIONS = YES;
				CLANG_WARN_EMPTY_BODY = YES;
				CLANG_WARN_ENUM_CONVERSION = YES;
				CLANG_WARN_INFINITE_RECURSION = YES;
				CLANG_WARN_INT_CONVERSION = YES;
				CLANG_WARN_NON_LITERAL_NULL_CONVERSION = YES;
				CLANG_WARN_OBJC_IMPLICIT_RETAIN_SELF = YES;
				CLANG_WARN_OBJC_LITERAL_CONVERSION = YES;
				CLANG_WARN_QUOTED_INCLUDE_IN_FRAMEWORK_HEADER = YES;
				CLANG_WARN_RANGE_LOOP_ANALYSIS = YES;
				CLANG_WARN_STRICT_PROTOTYPES = YES;
				CLANG_WARN_SUSPICIOUS_MOVE = YES;
				CLANG_WARN_UNREACHABLE_CODE = YES;
				CLANG_WARN__DUPLICATE_METHOD_MATCH = YES;
				DEAD_CODE_STRIPPING = YES;
				ENABLE_STRICT_OBJC_MSGSEND = YES;
				ENABLE_TESTABILITY = YES;
				GCC_NO_COMMON_BLOCKS = YES;
				GCC_WARN_64_TO_32_BIT_CONVERSION = YES;
				GCC_WARN_ABOUT_RETURN_TYPE = YES;
				GCC_WARN_UNDECLARED_SELECTOR = YES;
				GCC_WARN_UNINITIALIZED_AUTOS = YES;
				GCC_WARN_UNUSED_FUNCTION = YES;
				GCC_WARN_UNUSED_VARIABLE = YES;
				ONLY_ACTIVE_ARCH = YES;
			};
			name = Debug;
		};
		29647BC0253C42A5003CBA13 /* Release */ = {
			isa = XCBuildConfiguration;
			buildSettings = {
				CLANG_WARN_BLOCK_CAPTURE_AUTORELEASING = YES;
				CLANG_WARN_BOOL_CONVERSION = YES;
				CLANG_WARN_COMMA = YES;
				CLANG_WARN_CONSTANT_CONVERSION = YES;
				CLANG_WARN_DEPRECATED_OBJC_IMPLEMENTATIONS = YES;
				CLANG_WARN_EMPTY_BODY = YES;
				CLANG_WARN_ENUM_CONVERSION = YES;
				CLANG_WARN_INFINITE_RECURSION = YES;
				CLANG_WARN_INT_CONVERSION = YES;
				CLANG_WARN_NON_LITERAL_NULL_CONVERSION = YES;
				CLANG_WARN_OBJC_IMPLICIT_RETAIN_SELF = YES;
				CLANG_WARN_OBJC_LITERAL_CONVERSION = YES;
				CLANG_WARN_QUOTED_INCLUDE_IN_FRAMEWORK_HEADER = YES;
				CLANG_WARN_RANGE_LOOP_ANALYSIS = YES;
				CLANG_WARN_STRICT_PROTOTYPES = YES;
				CLANG_WARN_SUSPICIOUS_MOVE = YES;
				CLANG_WARN_UNREACHABLE_CODE = YES;
				CLANG_WARN__DUPLICATE_METHOD_MATCH = YES;
				DEAD_CODE_STRIPPING = YES;
				ENABLE_STRICT_OBJC_MSGSEND = YES;
				GCC_NO_COMMON_BLOCKS = YES;
				GCC_WARN_64_TO_32_BIT_CONVERSION = YES;
				GCC_WARN_ABOUT_RETURN_TYPE = YES;
				GCC_WARN_UNDECLARED_SELECTOR = YES;
				GCC_WARN_UNINITIALIZED_AUTOS = YES;
				GCC_WARN_UNUSED_FUNCTION = YES;
				GCC_WARN_UNUSED_VARIABLE = YES;
			};
			name = Release;
		};
/* End XCBuildConfiguration section */

/* Begin XCConfigurationList section */
		29647BBE253C42A5003CBA13 /* Build configuration list for PBXProject "NGEngineControl" */ = {
			isa = XCConfigurationList;
			buildConfigurations = (
				29647BBF253C42A5003CBA13 /* Debug */,
				29647BC0253C42A5003CBA13 /* Release */,
			);
			defaultConfigurationIsVisible = 0;
			defaultConfigurationName = Release;
		};
/* End XCConfigurationList section */
	};
	rootObject = 29647BBB253C42A5003CBA13 /* Project object */;
}
