// !$*UTF8*$!
{
	archiveVersion = 1;
	classes = {
	};
	objectVersion = 50;
	objects = {

/* Begin PBXFileReference section */
		29647BC3253C43B2003CBA13 /* keywords.txt */ = {isa = PBXFileReference; lastKnownFileType = text; path = keywords.txt; sourceTree = "<group>"; };
		29647BC4253C449A003CBA13 /* README.md */ = {isa = PBXFileReference; lastKnownFileType = net.daringfireball.markdown; path = README.md; sourceTree = "<group>"; };
		29647BC5253C4A53003CBA13 /* LICENSE */ = {isa = PBXFileReference; lastKnownFileType = text; path = LICENSE; sourceTree = "<group>"; };
		29647BC6253C4AFD003CBA13 /* library.properties */ = {isa = PBXFileReference; lastKnownFileType = text; path = library.properties; sourceTree = "<group>"; };
		29647BC7253C515C003CBA13 /* NGEngineControl.h */ = {isa = PBXFileReference; lastKnownFileType = sourcecode.c.h; path = NGEngineControl.h; sourceTree = "<group>"; };
		29647BC8253C5273003CBA13 /* NGEngineControl.cpp */ = {isa = PBXFileReference; lastKnownFileType = sourcecode.cpp.cpp; path = NGEngineControl.cpp; sourceTree = "<group>"; };
		29647BCA253C5F97003CBA13 /* simple.ino */ = {isa = PBXFileReference; lastKnownFileType = text; path = simple.ino; sourceTree = "<group>"; };
/* End PBXFileReference section */

/* Begin PBXGroup section */
		29647BBA253C42A5003CBA13 = {
			isa = PBXGroup;
			children = (
				29647BC6253C4AFD003CBA13 /* library.properties */,
				29647BC5253C4A53003CBA13 /* LICENSE */,
				29647BC4253C449A003CBA13 /* README.md */,
				29647BC3253C43B2003CBA13 /* keywords.txt */,
				29647BC2253C430C003CBA13 /* examples */,
				29647BC1253C42E8003CBA13 /* src */,
			);
			sourceTree = "<group>";
		};
		29647BC1253C42E8003CBA13 /* src */ = {
			isa = PBXGroup;
			children = (
				29647BC7253C515C003CBA13 /* NGEngineControl.h */,
				29647BC8253C5273003CBA13 /* NGEngineControl.cpp */,
			);
			path = src;
			sourceTree = "<group>";
		};
		29647BC2253C430C003CBA13 /* examples */ = {
			isa = PBXGroup;
			children = (
				29647BC9253C5F85003CBA13 /* simple */,
			);
			path = examples;
			sourceTree = "<group>";
		};
		29647BC9253C5F85003CBA13 /* simple */ = {
			isa = PBXGroup;
			children = (
				29647BCA253C5F97003CBA13 /* simple.ino */,
			);
			path = simple;
			sourceTree = "<group>";
		};
/* End PBXGroup section */

/* Begin PBXProject section */
		29647BBB253C42A5003CBA13 /* Project object */ = {
			isa = PBXProject;
			attributes = {
				LastUpgradeCheck = 1200;
			};
			buildConfigurationList = 29647BBE253C42A5003CBA13 /* Build configuration list for PBXProject "NGEngineControl" */;
			compatibilityVersion = "Xcode 9.3";
			developmentRegion = en;
			hasScannedForEncodings = 0;
			knownRegions = (
				en,
				Base,
			);
			mainGroup = 29647BBA253C42A5003CBA13;
			projectDirPath = "";
			projectRoot = "";
			targets = (
			);
		};
/* End PBXProject section */

/* Begin XCBuildConfiguration section */
		29647BBF253C42A5003CBA13 /* Debug */ = {
			isa = XCBuildConfiguration;
			buildSettings = {
			};
			name = Debug;
		};
		29647BC0253C42A5003CBA13 /* Release */ = {
			isa = XCBuildConfiguration;
			buildSettings = {
			};
			name = Release;
		};
/* End XCBuildConfiguration section */

/* Begin XCConfigurationList section */
		29647BBE253C42A5003CBA13 /* Build configuration list for PBXProject "NGEngineControl" */ = {
			isa = XCConfigurationList;
			buildConfigurations = (
				29647BBF253C42A5003CBA13 /* Debug */,
				29647BC0253C42A5003CBA13 /* Release */,
			);
			defaultConfigurationIsVisible = 0;
			defaultConfigurationName = Release;
		};
/* End XCConfigurationList section */
	};
	rootObject = 29647BBB253C42A5003CBA13 /* Project object */;
}
