// !$*UTF8*$!
{
	archiveVersion = 1;
	classes = {
	};
	objectVersion = 50;
	objects = {

/* Begin PBXFileReference section */
		2905F11F264AD273001B4A56 /* NGJointControl.h */ = {isa = PBXFileReference; lastKnownFileType = sourcecode.c.h; path = NGJointControl.h; sourceTree = "<group>"; };
		2905F120264AD58E001B4A56 /* NGJointControl.cpp */ = {isa = PBXFileReference; lastKnownFileType = sourcecode.cpp.cpp; path = NGJointControl.cpp; sourceTree = "<group>"; };
		2905F121264D385A001B4A56 /* NGUnitControl.h */ = {isa = PBXFileReference; lastKnownFileType = sourcecode.c.h; path = NGUnitControl.h; sourceTree = "<group>"; };
		2905F125264F0143001B4A56 /* stop.ino */ = {isa = PBXFileReference; lastKnownFileType = text; path = stop.ino; sourceTree = "<group>"; };
		2913C92D26FBBAE300D0AFC6 /* ToDo.txt */ = {isa = PBXFileReference; lastKnownFileType = text; path = ToDo.txt; sourceTree = "<group>"; };
		2913C92F26FF357300D0AFC6 /* NGSoundMachine.cpp */ = {isa = PBXFileReference; lastKnownFileType = sourcecode.cpp.cpp; path = NGSoundMachine.cpp; sourceTree = "<group>"; };
		2913C93026FF357300D0AFC6 /* NGSoundMachine.h */ = {isa = PBXFileReference; lastKnownFileType = sourcecode.c.h; path = NGSoundMachine.h; sourceTree = "<group>"; };
		2913C93126FF3D8D00D0AFC6 /* NGCustomJingle.cpp */ = {isa = PBXFileReference; lastKnownFileType = sourcecode.cpp.cpp; path = NGCustomJingle.cpp; sourceTree = "<group>"; };
		2913C93226FF3D8E00D0AFC6 /* NGCustomJingle.h */ = {isa = PBXFileReference; lastKnownFileType = sourcecode.c.h; path = NGCustomJingle.h; sourceTree = "<group>"; };
		2913C93326FF434A00D0AFC6 /* NGJingleGorilla.cpp */ = {isa = PBXFileReference; lastKnownFileType = sourcecode.cpp.cpp; path = NGJingleGorilla.cpp; sourceTree = "<group>"; };
		2913C93426FF434A00D0AFC6 /* NGJingleGorilla.h */ = {isa = PBXFileReference; lastKnownFileType = sourcecode.c.h; path = NGJingleGorilla.h; sourceTree = "<group>"; };
		2913C93B26FF687E00D0AFC6 /* NGJinglePopcorn.cpp */ = {isa = PBXFileReference; lastKnownFileType = sourcecode.cpp.cpp; path = NGJinglePopcorn.cpp; sourceTree = "<group>"; };
		2913C93C26FF687E00D0AFC6 /* NGJinglePopcorn.h */ = {isa = PBXFileReference; lastKnownFileType = sourcecode.c.h; path = NGJinglePopcorn.h; sourceTree = "<group>"; };
		2913C93D26FF6ABF00D0AFC6 /* NGJingleSuperMario.cpp */ = {isa = PBXFileReference; lastKnownFileType = sourcecode.cpp.cpp; path = NGJingleSuperMario.cpp; sourceTree = "<group>"; };
		2913C93E26FF6ABF00D0AFC6 /* NGJingleSuperMario.h */ = {isa = PBXFileReference; lastKnownFileType = sourcecode.c.h; path = NGJingleSuperMario.h; sourceTree = "<group>"; };
		2913C941270054DD00D0AFC6 /* NGJingleSuperMarioShort.cpp */ = {isa = PBXFileReference; lastKnownFileType = sourcecode.cpp.cpp; path = NGJingleSuperMarioShort.cpp; sourceTree = "<group>"; };
		2913C942270054DD00D0AFC6 /* NGJingleSuperMarioShort.h */ = {isa = PBXFileReference; lastKnownFileType = sourcecode.c.h; path = NGJingleSuperMarioShort.h; sourceTree = "<group>"; };
		2913C943270077AE00D0AFC6 /* NGJingleHelloDude.cpp */ = {isa = PBXFileReference; lastKnownFileType = sourcecode.cpp.cpp; path = NGJingleHelloDude.cpp; sourceTree = "<group>"; };
		2913C944270077AE00D0AFC6 /* NGJingleHelloDude.h */ = {isa = PBXFileReference; lastKnownFileType = sourcecode.c.h; path = NGJingleHelloDude.h; sourceTree = "<group>"; };
		2913C94527007BB200D0AFC6 /* NGJingleAlarm.cpp */ = {isa = PBXFileReference; lastKnownFileType = sourcecode.cpp.cpp; path = NGJingleAlarm.cpp; sourceTree = "<group>"; };
		2913C94627007BB200D0AFC6 /* NGJingleAlarm.h */ = {isa = PBXFileReference; lastKnownFileType = sourcecode.c.h; path = NGJingleAlarm.h; sourceTree = "<group>"; };
		2913C94827018CD900D0AFC6 /* NGLightSensor.cpp */ = {isa = PBXFileReference; lastKnownFileType = sourcecode.cpp.cpp; path = NGLightSensor.cpp; sourceTree = "<group>"; };
		2913C94927018CD900D0AFC6 /* NGLightSensor.h */ = {isa = PBXFileReference; lastKnownFileType = sourcecode.c.h; path = NGLightSensor.h; sourceTree = "<group>"; };
		2913C94C2702DE1500D0AFC6 /* NGFlashingLight.cpp */ = {isa = PBXFileReference; lastKnownFileType = sourcecode.cpp.cpp; path = NGFlashingLight.cpp; sourceTree = "<group>"; };
		2913C94D2702DE1500D0AFC6 /* NGFlashingLight.h */ = {isa = PBXFileReference; lastKnownFileType = sourcecode.c.h; path = NGFlashingLight.h; sourceTree = "<group>"; };
		2913C94E27033B8600D0AFC6 /* NGMotionUnitControl.cpp */ = {isa = PBXFileReference; lastKnownFileType = sourcecode.cpp.cpp; path = NGMotionUnitControl.cpp; sourceTree = "<group>"; };
		2913C94F27033B8600D0AFC6 /* NGMotionUnitControl.h */ = {isa = PBXFileReference; lastKnownFileType = sourcecode.c.h; path = NGMotionUnitControl.h; sourceTree = "<group>"; };
		29165F3125496946001D9497 /* profile1.ino */ = {isa = PBXFileReference; lastKnownFileType = text; path = profile1.ino; sourceTree = "<group>"; };
		29165F32254B5C14001D9497 /* profile2.ino */ = {isa = PBXFileReference; lastKnownFileType = text; path = profile2.ino; sourceTree = "<group>"; };
		292E8FF3265FFAF50042F249 /* NGGripperControl.h */ = {isa = PBXFileReference; lastKnownFileType = sourcecode.c.h; path = NGGripperControl.h; sourceTree = "<group>"; };
		292E8FF4265FFC6A0042F249 /* NGGripperControl.cpp */ = {isa = PBXFileReference; lastKnownFileType = sourcecode.cpp.cpp; path = NGGripperControl.cpp; sourceTree = "<group>"; };
		292E8FF526620C690042F249 /* NGUnitControl.cpp */ = {isa = PBXFileReference; lastKnownFileType = sourcecode.cpp.cpp; path = NGUnitControl.cpp; sourceTree = "<group>"; };
		29647BC3253C43B2003CBA13 /* keywords.txt */ = {isa = PBXFileReference; lastKnownFileType = text; path = keywords.txt; sourceTree = "<group>"; };
		29647BC4253C449A003CBA13 /* README.md */ = {isa = PBXFileReference; lastKnownFileType = net.daringfireball.markdown; path = README.md; sourceTree = "<group>"; };
		29647BC5253C4A53003CBA13 /* LICENSE */ = {isa = PBXFileReference; lastKnownFileType = text; path = LICENSE; sourceTree = "<group>"; };
		29647BC6253C4AFD003CBA13 /* library.properties */ = {isa = PBXFileReference; lastKnownFileType = text; path = library.properties; sourceTree = "<group>"; };
		29647BC7253C515C003CBA13 /* NGEngineControl.h */ = {isa = PBXFileReference; lastKnownFileType = sourcecode.c.h; path = NGEngineControl.h; sourceTree = "<group>"; };
		29647BC8253C5273003CBA13 /* NGEngineControl.cpp */ = {isa = PBXFileReference; lastKnownFileType = sourcecode.cpp.cpp; path = NGEngineControl.cpp; sourceTree = "<group>"; };
		29647BCA253C5F97003CBA13 /* simple.ino */ = {isa = PBXFileReference; lastKnownFileType = text; path = simple.ino; sourceTree = "<group>"; };
		296CD4E6272DA0EC003E27DA /* NGUltrasonicObjectRecognizer.cpp */ = {isa = PBXFileReference; lastKnownFileType = sourcecode.cpp.cpp; path = NGUltrasonicObjectRecognizer.cpp; sourceTree = "<group>"; };
		296CD4E7272DA0EC003E27DA /* NGUltrasonicObjectRecognizer.h */ = {isa = PBXFileReference; lastKnownFileType = sourcecode.c.h; path = NGUltrasonicObjectRecognizer.h; sourceTree = "<group>"; };
		296CD4E8272ED298003E27DA /* buggyC1a.png */ = {isa = PBXFileReference; lastKnownFileType = image.png; path = buggyC1a.png; sourceTree = "<group>"; };
		296CD4E9272ED298003E27DA /* buggyC1.png */ = {isa = PBXFileReference; lastKnownFileType = image.png; path = buggyC1.png; sourceTree = "<group>"; };
		297E99C52709A8A800B9C9FA /* buggyMotionUnitSchema.png */ = {isa = PBXFileReference; lastKnownFileType = image.png; path = buggyMotionUnitSchema.png; sourceTree = "<group>"; };
		298A66D12565501F00393741 /* eNGineShieldSchema.png */ = {isa = PBXFileReference; lastKnownFileType = image.png; path = eNGineShieldSchema.png; sourceTree = "<group>"; };
		29958E572711CA5B007048E3 /* buggyC0.png */ = {isa = PBXFileReference; lastKnownFileType = image.png; path = buggyC0.png; sourceTree = "<group>"; };
		29958E5927174A31007048E3 /* simpleForwardTurns.txt */ = {isa = PBXFileReference; lastKnownFileType = text; path = simpleForwardTurns.txt; sourceTree = "<group>"; };
		29958E5A27174B89007048E3 /* simpleBackwardTurns.txt */ = {isa = PBXFileReference; lastKnownFileType = text; path = simpleBackwardTurns.txt; sourceTree = "<group>"; };
		29958E5C2718A800007048E3 /* NGMotionSequenceDefinitions.h */ = {isa = PBXFileReference; lastKnownFileType = sourcecode.c.h; path = NGMotionSequenceDefinitions.h; sourceTree = "<group>"; };
		29958E5D2718BF5E007048E3 /* simpleStartStop.txt */ = {isa = PBXFileReference; lastKnownFileType = text; path = simpleStartStop.txt; sourceTree = "<group>"; };
		299C0E1E26D7E7EC00F5A60D /* buggy.ino */ = {isa = PBXFileReference; lastKnownFileType = text; path = buggy.ino; sourceTree = "<group>"; };
		299C0E1F26D7E89D00F5A60D /* NGSteeringControl.cpp */ = {isa = PBXFileReference; lastKnownFileType = sourcecode.cpp.cpp; path = NGSteeringControl.cpp; sourceTree = "<group>"; };
		299C0E2026D7E89D00F5A60D /* NGSteeringControl.h */ = {isa = PBXFileReference; lastKnownFileType = sourcecode.c.h; path = NGSteeringControl.h; sourceTree = "<group>"; };
		299C0E2126DA1AE100F5A60D /* motomanB6.png */ = {isa = PBXFileReference; lastKnownFileType = image.png; path = motomanB6.png; sourceTree = "<group>"; };
		299C0E2226DA21FA00F5A60D /* motomanSchema.png */ = {isa = PBXFileReference; lastKnownFileType = image.png; path = motomanSchema.png; sourceTree = "<group>"; };
		299C0E2B26DA2BDC00F5A60D /* motomanDude.png */ = {isa = PBXFileReference; lastKnownFileType = image.png; path = motomanDude.png; sourceTree = "<group>"; };
		299DEBE9272A6DE7004B3B59 /* NGJingleThinking.cpp */ = {isa = PBXFileReference; lastKnownFileType = sourcecode.cpp.cpp; path = NGJingleThinking.cpp; sourceTree = "<group>"; };
		299DEBEA272A6DE7004B3B59 /* NGJingleThinking.h */ = {isa = PBXFileReference; lastKnownFileType = sourcecode.c.h; path = NGJingleThinking.h; sourceTree = "<group>"; };
		299DEBEB272C6D02004B3B59 /* NGLaserCannon.cpp */ = {isa = PBXFileReference; lastKnownFileType = sourcecode.cpp.cpp; path = NGLaserCannon.cpp; sourceTree = "<group>"; };
		299DEBEC272C6D02004B3B59 /* NGLaserCannon.h */ = {isa = PBXFileReference; lastKnownFileType = sourcecode.c.h; path = NGLaserCannon.h; sourceTree = "<group>"; };
		29AF3EC1265F77370055A9FC /* EngineShield.png */ = {isa = PBXFileReference; lastKnownFileType = image.png; path = EngineShield.png; sourceTree = "<group>"; };
		29B3761E271DF56300D8780B /* NGJingleBackward.cpp */ = {isa = PBXFileReference; lastKnownFileType = sourcecode.cpp.cpp; path = NGJingleBackward.cpp; sourceTree = "<group>"; };
		29B3761F271DF56300D8780B /* NGJingleBackward.h */ = {isa = PBXFileReference; lastKnownFileType = sourcecode.c.h; path = NGJingleBackward.h; sourceTree = "<group>"; };
		29B37620271E901500D8780B /* NGCustomMotionMimic.cpp */ = {isa = PBXFileReference; lastKnownFileType = sourcecode.cpp.cpp; path = NGCustomMotionMimic.cpp; sourceTree = "<group>"; };
		29B37621271E901500D8780B /* NGCustomMotionMimic.h */ = {isa = PBXFileReference; lastKnownFileType = sourcecode.c.h; path = NGCustomMotionMimic.h; sourceTree = "<group>"; };
		29B376222721310000D8780B /* NGCaveExplorer.cpp */ = {isa = PBXFileReference; lastKnownFileType = sourcecode.cpp.cpp; path = NGCaveExplorer.cpp; sourceTree = "<group>"; };
		29B376232721310000D8780B /* NGCaveExplorer.h */ = {isa = PBXFileReference; lastKnownFileType = sourcecode.c.h; path = NGCaveExplorer.h; sourceTree = "<group>"; };
		29B376242726816300D8780B /* NGCustomObjectRecognizer.cpp */ = {isa = PBXFileReference; lastKnownFileType = sourcecode.cpp.cpp; path = NGCustomObjectRecognizer.cpp; sourceTree = "<group>"; };
		29B376252726816300D8780B /* NGCustomObjectRecognizer.h */ = {isa = PBXFileReference; lastKnownFileType = sourcecode.c.h; path = NGCustomObjectRecognizer.h; sourceTree = "<group>"; };
		29B376262726FE7C00D8780B /* NGContactObjectRecognizer.cpp */ = {isa = PBXFileReference; lastKnownFileType = sourcecode.cpp.cpp; path = NGContactObjectRecognizer.cpp; sourceTree = "<group>"; };
		29B376272726FE7C00D8780B /* NGContactObjectRecognizer.h */ = {isa = PBXFileReference; lastKnownFileType = sourcecode.c.h; path = NGContactObjectRecognizer.h; sourceTree = "<group>"; };
		29B7A2C826C2E0D000D25BC8 /* motomanB5Central.png */ = {isa = PBXFileReference; lastKnownFileType = image.png; path = motomanB5Central.png; sourceTree = "<group>"; };
		29B7A2C926C2E0F000D25BC8 /* motomanCentalUnit.png */ = {isa = PBXFileReference; lastKnownFileType = image.png; path = motomanCentalUnit.png; sourceTree = "<group>"; };
		29D7EC2F266BF4E400009403 /* NGMemoryObserver.cpp */ = {isa = PBXFileReference; lastKnownFileType = sourcecode.cpp.cpp; path = NGMemoryObserver.cpp; sourceTree = "<group>"; };
		29D7EC30266BF4E400009403 /* NGMemoryObserver.h */ = {isa = PBXFileReference; lastKnownFileType = sourcecode.c.h; path = NGMemoryObserver.h; sourceTree = "<group>"; };
		29D7EC32266CE63000009403 /* toolunit.ino */ = {isa = PBXFileReference; lastKnownFileType = text; path = toolunit.ino; sourceTree = "<group>"; };
		29D7EC332670D7D800009403 /* NGCustomUnitControl.cpp */ = {isa = PBXFileReference; lastKnownFileType = sourcecode.cpp.cpp; path = NGCustomUnitControl.cpp; sourceTree = "<group>"; };
		29D7EC342670D7D800009403 /* NGCustomUnitControl.h */ = {isa = PBXFileReference; lastKnownFileType = sourcecode.c.h; path = NGCustomUnitControl.h; sourceTree = "<group>"; };
		29D7EC352670DC5100009403 /* NGCommon.h */ = {isa = PBXFileReference; lastKnownFileType = sourcecode.c.h; path = NGCommon.h; sourceTree = "<group>"; };
		29D7EC362670DD2C00009403 /* NGCommon.cpp */ = {isa = PBXFileReference; lastKnownFileType = sourcecode.cpp.cpp; path = NGCommon.cpp; sourceTree = "<group>"; };
		29D7EC372673B88300009403 /* NGCustomNotification.cpp */ = {isa = PBXFileReference; lastKnownFileType = sourcecode.cpp.cpp; path = NGCustomNotification.cpp; sourceTree = "<group>"; };
		29D7EC382673B88300009403 /* NGCustomNotification.h */ = {isa = PBXFileReference; lastKnownFileType = sourcecode.c.h; path = NGCustomNotification.h; sourceTree = "<group>"; };
		29D7EC392673BFB800009403 /* NGSerialNotification.cpp */ = {isa = PBXFileReference; lastKnownFileType = sourcecode.cpp.cpp; path = NGSerialNotification.cpp; sourceTree = "<group>"; };
		29D7EC3A2673BFB800009403 /* NGSerialNotification.h */ = {isa = PBXFileReference; lastKnownFileType = sourcecode.c.h; path = NGSerialNotification.h; sourceTree = "<group>"; };
		29D7EC3C2673CED200009403 /* centralunit.ino */ = {isa = PBXFileReference; lastKnownFileType = text; path = centralunit.ino; sourceTree = "<group>"; };
		29D7EC3D2673D0A000009403 /* NGCentralUnitControl.cpp */ = {isa = PBXFileReference; lastKnownFileType = sourcecode.cpp.cpp; path = NGCentralUnitControl.cpp; sourceTree = "<group>"; };
		29D7EC3E2673D0A000009403 /* NGCentralUnitControl.h */ = {isa = PBXFileReference; lastKnownFileType = sourcecode.c.h; path = NGCentralUnitControl.h; sourceTree = "<group>"; };
		29D7EC3F26741FAB00009403 /* NGLCDNotification.cpp */ = {isa = PBXFileReference; lastKnownFileType = sourcecode.cpp.cpp; path = NGLCDNotification.cpp; sourceTree = "<group>"; };
		29D7EC4026741FAB00009403 /* NGLCDNotification.h */ = {isa = PBXFileReference; lastKnownFileType = sourcecode.c.h; path = NGLCDNotification.h; sourceTree = "<group>"; };
		29D7EC4226750DEE00009403 /* motionunit.ino */ = {isa = PBXFileReference; lastKnownFileType = text; path = motionunit.ino; sourceTree = "<group>"; };
		29E6BA5A263C6070007BCE9F /* motomanB3.png */ = {isa = PBXFileReference; lastKnownFileType = image.png; path = motomanB3.png; sourceTree = "<group>"; };
		29EA905B275BABCA00F3C556 /* OLED.ino */ = {isa = PBXFileReference; lastKnownFileType = text; path = OLED.ino; sourceTree = "<group>"; };
		29EA905C275D22E300F3C556 /* buggyC2.png */ = {isa = PBXFileReference; lastKnownFileType = image.png; path = buggyC2.png; sourceTree = "<group>"; };
		29F2A78B26C2E059009C3822 /* motomanB5.png */ = {isa = PBXFileReference; lastKnownFileType = image.png; path = motomanB5.png; sourceTree = "<group>"; };
		29F56DE3273AE41E00BBBB68 /* NGJingleBoot.cpp */ = {isa = PBXFileReference; lastKnownFileType = sourcecode.cpp.cpp; path = NGJingleBoot.cpp; sourceTree = "<group>"; };
		29F56DE4273AE41E00BBBB68 /* NGJingleBoot.h */ = {isa = PBXFileReference; lastKnownFileType = sourcecode.c.h; path = NGJingleBoot.h; sourceTree = "<group>"; };
		29F56DE5273AF32F00BBBB68 /* NGBotRetriever.cpp */ = {isa = PBXFileReference; lastKnownFileType = sourcecode.cpp.cpp; path = NGBotRetriever.cpp; sourceTree = "<group>"; };
		29F56DE6273AF32F00BBBB68 /* NGBotRetriever.h */ = {isa = PBXFileReference; lastKnownFileType = sourcecode.c.h; path = NGBotRetriever.h; sourceTree = "<group>"; };
		29F56DE727401A2C00BBBB68 /* simpleFullTurns.txt */ = {isa = PBXFileReference; lastKnownFileType = text; path = simpleFullTurns.txt; sourceTree = "<group>"; };
		29F56DE927410B6600BBBB68 /* soundmachine.ino */ = {isa = PBXFileReference; lastKnownFileType = text; path = soundmachine.ino; sourceTree = "<group>"; };
		29F56DEB27410C5100BBBB68 /* lightsensor.ino */ = {isa = PBXFileReference; lastKnownFileType = text; path = lightsensor.ino; sourceTree = "<group>"; };
		29F56DED27410C9600BBBB68 /* flashinglight.ino */ = {isa = PBXFileReference; lastKnownFileType = text; path = flashinglight.ino; sourceTree = "<group>"; };
		29F56DEF27410CE700BBBB68 /* ultrasonic.ino */ = {isa = PBXFileReference; lastKnownFileType = text; path = ultrasonic.ino; sourceTree = "<group>"; };
		29F56DF127410D3100BBBB68 /* contact.ino */ = {isa = PBXFileReference; lastKnownFileType = text; path = contact.ino; sourceTree = "<group>"; };
		29F56DF327410D6D00BBBB68 /* lasercannon.ino */ = {isa = PBXFileReference; lastKnownFileType = text; path = lasercannon.ino; sourceTree = "<group>"; };
		29F56DF527410DCD00BBBB68 /* first.ino */ = {isa = PBXFileReference; lastKnownFileType = text; path = first.ino; sourceTree = "<group>"; };
		29F56DF627462D0D00BBBB68 /* NGMotionUnitControl.png */ = {isa = PBXFileReference; lastKnownFileType = image.png; path = NGMotionUnitControl.png; sourceTree = "<group>"; };
/* End PBXFileReference section */

/* Begin PBXGroup section */
		2905F122264D4F97001B4A56 /* profile1 */ = {
			isa = PBXGroup;
			children = (
				29165F3125496946001D9497 /* profile1.ino */,
			);
			path = profile1;
			sourceTree = "<group>";
		};
		2905F123264D4FA5001B4A56 /* profile2 */ = {
			isa = PBXGroup;
			children = (
				29165F32254B5C14001D9497 /* profile2.ino */,
			);
			path = profile2;
			sourceTree = "<group>";
		};
		2905F124264F011D001B4A56 /* stop */ = {
			isa = PBXGroup;
			children = (
				2905F125264F0143001B4A56 /* stop.ino */,
			);
			path = stop;
			sourceTree = "<group>";
		};
		2913C93526FF543500D0AFC6 /* sound */ = {
			isa = PBXGroup;
			children = (
				2913C93026FF357300D0AFC6 /* NGSoundMachine.h */,
				2913C92F26FF357300D0AFC6 /* NGSoundMachine.cpp */,
				2913C93226FF3D8E00D0AFC6 /* NGCustomJingle.h */,
				2913C93126FF3D8D00D0AFC6 /* NGCustomJingle.cpp */,
				2913C93426FF434A00D0AFC6 /* NGJingleGorilla.h */,
				2913C93326FF434A00D0AFC6 /* NGJingleGorilla.cpp */,
				2913C93C26FF687E00D0AFC6 /* NGJinglePopcorn.h */,
				2913C93B26FF687E00D0AFC6 /* NGJinglePopcorn.cpp */,
				2913C93E26FF6ABF00D0AFC6 /* NGJingleSuperMario.h */,
				2913C93D26FF6ABF00D0AFC6 /* NGJingleSuperMario.cpp */,
				2913C942270054DD00D0AFC6 /* NGJingleSuperMarioShort.h */,
				2913C941270054DD00D0AFC6 /* NGJingleSuperMarioShort.cpp */,
				2913C944270077AE00D0AFC6 /* NGJingleHelloDude.h */,
				2913C943270077AE00D0AFC6 /* NGJingleHelloDude.cpp */,
				2913C94627007BB200D0AFC6 /* NGJingleAlarm.h */,
				2913C94527007BB200D0AFC6 /* NGJingleAlarm.cpp */,
				29B3761F271DF56300D8780B /* NGJingleBackward.h */,
				29B3761E271DF56300D8780B /* NGJingleBackward.cpp */,
				299DEBEA272A6DE7004B3B59 /* NGJingleThinking.h */,
				299DEBE9272A6DE7004B3B59 /* NGJingleThinking.cpp */,
				29F56DE4273AE41E00BBBB68 /* NGJingleBoot.h */,
				29F56DE3273AE41E00BBBB68 /* NGJingleBoot.cpp */,
			);
			name = sound;
			sourceTree = "<group>";
		};
		2913C93726FF54FA00D0AFC6 /* visuals */ = {
			isa = PBXGroup;
			children = (
				29D7EC382673B88300009403 /* NGCustomNotification.h */,
				29D7EC372673B88300009403 /* NGCustomNotification.cpp */,
				29D7EC3A2673BFB800009403 /* NGSerialNotification.h */,
				29D7EC392673BFB800009403 /* NGSerialNotification.cpp */,
				29D7EC4026741FAB00009403 /* NGLCDNotification.h */,
				29D7EC3F26741FAB00009403 /* NGLCDNotification.cpp */,
				2913C94D2702DE1500D0AFC6 /* NGFlashingLight.h */,
				2913C94C2702DE1500D0AFC6 /* NGFlashingLight.cpp */,
				299DEBEC272C6D02004B3B59 /* NGLaserCannon.h */,
				299DEBEB272C6D02004B3B59 /* NGLaserCannon.cpp */,
			);
			name = visuals;
			sourceTree = "<group>";
		};
		2913C93926FF554A00D0AFC6 /* common */ = {
			isa = PBXGroup;
			children = (
				29D7EC352670DC5100009403 /* NGCommon.h */,
				29D7EC362670DD2C00009403 /* NGCommon.cpp */,
				29D7EC30266BF4E400009403 /* NGMemoryObserver.h */,
				29D7EC2F266BF4E400009403 /* NGMemoryObserver.cpp */,
			);
			name = common;
			sourceTree = "<group>";
		};
		2913C93A26FF67DB00D0AFC6 /* app */ = {
			isa = PBXGroup;
			children = (
				29D7EC342670D7D800009403 /* NGCustomUnitControl.h */,
				29D7EC332670D7D800009403 /* NGCustomUnitControl.cpp */,
				2905F121264D385A001B4A56 /* NGUnitControl.h */,
				292E8FF526620C690042F249 /* NGUnitControl.cpp */,
				29D7EC3E2673D0A000009403 /* NGCentralUnitControl.h */,
				29D7EC3D2673D0A000009403 /* NGCentralUnitControl.cpp */,
				2913C94F27033B8600D0AFC6 /* NGMotionUnitControl.h */,
				2913C94E27033B8600D0AFC6 /* NGMotionUnitControl.cpp */,
			);
			name = app;
			sourceTree = "<group>";
		};
		2913C94727018C9800D0AFC6 /* sensors */ = {
			isa = PBXGroup;
			children = (
				2913C94927018CD900D0AFC6 /* NGLightSensor.h */,
				2913C94827018CD900D0AFC6 /* NGLightSensor.cpp */,
				29B376252726816300D8780B /* NGCustomObjectRecognizer.h */,
				29B376242726816300D8780B /* NGCustomObjectRecognizer.cpp */,
				29B376272726FE7C00D8780B /* NGContactObjectRecognizer.h */,
				29B376262726FE7C00D8780B /* NGContactObjectRecognizer.cpp */,
				296CD4E7272DA0EC003E27DA /* NGUltrasonicObjectRecognizer.h */,
				296CD4E6272DA0EC003E27DA /* NGUltrasonicObjectRecognizer.cpp */,
			);
			name = sensors;
			sourceTree = "<group>";
		};
		29165F302549692B001D9497 /* profiles */ = {
			isa = PBXGroup;
			children = (
				2905F122264D4F97001B4A56 /* profile1 */,
				2905F123264D4FA5001B4A56 /* profile2 */,
			);
			path = profiles;
			sourceTree = "<group>";
		};
		29647BBA253C42A5003CBA13 = {
			isa = PBXGroup;
			children = (
				29647BCB253C7783003CBA13 /* docs */,
				29647BC6253C4AFD003CBA13 /* library.properties */,
				29647BC5253C4A53003CBA13 /* LICENSE */,
				29647BC4253C449A003CBA13 /* README.md */,
				29647BC3253C43B2003CBA13 /* keywords.txt */,
				29647BC2253C430C003CBA13 /* examples */,
				29647BC1253C42E8003CBA13 /* src */,
			);
			sourceTree = "<group>";
		};
		29647BC1253C42E8003CBA13 /* src */ = {
			isa = PBXGroup;
			children = (
				2913C93926FF554A00D0AFC6 /* common */,
				2913C93726FF54FA00D0AFC6 /* visuals */,
				2913C93526FF543500D0AFC6 /* sound */,
				2913C94727018C9800D0AFC6 /* sensors */,
				29958E5B2718A7A4007048E3 /* specs */,
				2913C93A26FF67DB00D0AFC6 /* app */,
				29647BC7253C515C003CBA13 /* NGEngineControl.h */,
				29647BC8253C5273003CBA13 /* NGEngineControl.cpp */,
				2905F11F264AD273001B4A56 /* NGJointControl.h */,
				2905F120264AD58E001B4A56 /* NGJointControl.cpp */,
				292E8FF3265FFAF50042F249 /* NGGripperControl.h */,
				292E8FF4265FFC6A0042F249 /* NGGripperControl.cpp */,
				299C0E2026D7E89D00F5A60D /* NGSteeringControl.h */,
				299C0E1F26D7E89D00F5A60D /* NGSteeringControl.cpp */,
			);
			path = src;
			sourceTree = "<group>";
		};
		29647BC2253C430C003CBA13 /* examples */ = {
			isa = PBXGroup;
			children = (
				29F56DF427410DBE00BBBB68 /* first */,
				29F56DE827410B3C00BBBB68 /* soundmachine */,
				29F56DEA27410C1A00BBBB68 /* lightsensor */,
				29F56DEC27410C6900BBBB68 /* flashinglight */,
				29F56DF227410D5900BBBB68 /* lasercannon */,
				29F56DF027410D1D00BBBB68 /* contact */,
				29F56DEE27410CCB00BBBB68 /* ultrasonic */,
				29EA905A275BAB8600F3C556 /* OLED */,
				29647BC9253C5F85003CBA13 /* simple */,
				2905F124264F011D001B4A56 /* stop */,
				29165F302549692B001D9497 /* profiles */,
				29E6BA59263C6030007BCE9F /* motoman */,
				299C0E1B26D75CCE00F5A60D /* buggy */,
			);
			path = examples;
			sourceTree = "<group>";
		};
		29647BC9253C5F85003CBA13 /* simple */ = {
			isa = PBXGroup;
			children = (
				29647BCA253C5F97003CBA13 /* simple.ino */,
			);
			path = simple;
			sourceTree = "<group>";
		};
		29647BCB253C7783003CBA13 /* docs */ = {
			isa = PBXGroup;
			children = (
				29647BCC253C7794003CBA13 /* images */,
				2913C92D26FBBAE300D0AFC6 /* ToDo.txt */,
			);
			path = docs;
			sourceTree = "<group>";
		};
		29647BCC253C7794003CBA13 /* images */ = {
			isa = PBXGroup;
			children = (
				29AF3EC1265F77370055A9FC /* EngineShield.png */,
				298A66D12565501F00393741 /* eNGineShieldSchema.png */,
				29F56DF627462D0D00BBBB68 /* NGMotionUnitControl.png */,
			);
			path = images;
			sourceTree = "<group>";
		};
		29958E58271749D8007048E3 /* sequences */ = {
			isa = PBXGroup;
			children = (
				29958E5927174A31007048E3 /* simpleForwardTurns.txt */,
				29958E5A27174B89007048E3 /* simpleBackwardTurns.txt */,
				29958E5D2718BF5E007048E3 /* simpleStartStop.txt */,
				29F56DE727401A2C00BBBB68 /* simpleFullTurns.txt */,
			);
			path = sequences;
			sourceTree = "<group>";
		};
		29958E5B2718A7A4007048E3 /* specs */ = {
			isa = PBXGroup;
			children = (
				29958E5C2718A800007048E3 /* NGMotionSequenceDefinitions.h */,
				29B37621271E901500D8780B /* NGCustomMotionMimic.h */,
				29B37620271E901500D8780B /* NGCustomMotionMimic.cpp */,
				29B376232721310000D8780B /* NGCaveExplorer.h */,
				29B376222721310000D8780B /* NGCaveExplorer.cpp */,
				29F56DE6273AF32F00BBBB68 /* NGBotRetriever.h */,
				29F56DE5273AF32F00BBBB68 /* NGBotRetriever.cpp */,
			);
			name = specs;
			sourceTree = "<group>";
		};
		299C0E1B26D75CCE00F5A60D /* buggy */ = {
			isa = PBXGroup;
			children = (
				29958E58271749D8007048E3 /* sequences */,
				299C0E1C26D75D2F00F5A60D /* images */,
				299C0E1D26D75D6400F5A60D /* buggy */,
			);
			path = buggy;
			sourceTree = "<group>";
		};
		299C0E1C26D75D2F00F5A60D /* images */ = {
			isa = PBXGroup;
			children = (
				29EA905C275D22E300F3C556 /* buggyC2.png */,
				297E99C52709A8A800B9C9FA /* buggyMotionUnitSchema.png */,
				29958E572711CA5B007048E3 /* buggyC0.png */,
				296CD4E9272ED298003E27DA /* buggyC1.png */,
				296CD4E8272ED298003E27DA /* buggyC1a.png */,
			);
			path = images;
			sourceTree = "<group>";
		};
		299C0E1D26D75D6400F5A60D /* buggy */ = {
			isa = PBXGroup;
			children = (
				299C0E1E26D7E7EC00F5A60D /* buggy.ino */,
			);
			path = buggy;
			sourceTree = "<group>";
		};
		29D7EC31266CE5EC00009403 /* toolunit */ = {
			isa = PBXGroup;
			children = (
				29D7EC32266CE63000009403 /* toolunit.ino */,
			);
			path = toolunit;
			sourceTree = "<group>";
		};
		29D7EC3B2673CE9100009403 /* centralunit */ = {
			isa = PBXGroup;
			children = (
				29D7EC3C2673CED200009403 /* centralunit.ino */,
			);
			path = centralunit;
			sourceTree = "<group>";
		};
		29D7EC4126750DA100009403 /* motionunit */ = {
			isa = PBXGroup;
			children = (
				29D7EC4226750DEE00009403 /* motionunit.ino */,
			);
			path = motionunit;
			sourceTree = "<group>";
		};
		29E6BA59263C6030007BCE9F /* motoman */ = {
			isa = PBXGroup;
			children = (
				29E6BA5B263C6098007BCE9F /* images */,
				29D7EC3B2673CE9100009403 /* centralunit */,
				29D7EC31266CE5EC00009403 /* toolunit */,
				29D7EC4126750DA100009403 /* motionunit */,
			);
			path = motoman;
			sourceTree = "<group>";
		};
		29E6BA5B263C6098007BCE9F /* images */ = {
			isa = PBXGroup;
			children = (
				299C0E2B26DA2BDC00F5A60D /* motomanDude.png */,
				299C0E2226DA21FA00F5A60D /* motomanSchema.png */,
				299C0E2126DA1AE100F5A60D /* motomanB6.png */,
				29B7A2C926C2E0F000D25BC8 /* motomanCentalUnit.png */,
				29B7A2C826C2E0D000D25BC8 /* motomanB5Central.png */,
				29F2A78B26C2E059009C3822 /* motomanB5.png */,
				29E6BA5A263C6070007BCE9F /* motomanB3.png */,
			);
			path = images;
			sourceTree = "<group>";
		};
		29EA905A275BAB8600F3C556 /* OLED */ = {
			isa = PBXGroup;
			children = (
				29EA905B275BABCA00F3C556 /* OLED.ino */,
			);
			path = OLED;
			sourceTree = "<group>";
		};
		29F56DE827410B3C00BBBB68 /* soundmachine */ = {
			isa = PBXGroup;
			children = (
				29F56DE927410B6600BBBB68 /* soundmachine.ino */,
			);
			path = soundmachine;
			sourceTree = "<group>";
		};
		29F56DEA27410C1A00BBBB68 /* lightsensor */ = {
			isa = PBXGroup;
			children = (
				29F56DEB27410C5100BBBB68 /* lightsensor.ino */,
			);
			path = lightsensor;
			sourceTree = "<group>";
		};
		29F56DEC27410C6900BBBB68 /* flashinglight */ = {
			isa = PBXGroup;
			children = (
				29F56DED27410C9600BBBB68 /* flashinglight.ino */,
			);
			path = flashinglight;
			sourceTree = "<group>";
		};
		29F56DEE27410CCB00BBBB68 /* ultrasonic */ = {
			isa = PBXGroup;
			children = (
				29F56DEF27410CE700BBBB68 /* ultrasonic.ino */,
			);
			path = ultrasonic;
			sourceTree = "<group>";
		};
		29F56DF027410D1D00BBBB68 /* contact */ = {
			isa = PBXGroup;
			children = (
				29F56DF127410D3100BBBB68 /* contact.ino */,
			);
			path = contact;
			sourceTree = "<group>";
		};
		29F56DF227410D5900BBBB68 /* lasercannon */ = {
			isa = PBXGroup;
			children = (
				29F56DF327410D6D00BBBB68 /* lasercannon.ino */,
			);
			path = lasercannon;
			sourceTree = "<group>";
		};
		29F56DF427410DBE00BBBB68 /* first */ = {
			isa = PBXGroup;
			children = (
				29F56DF527410DCD00BBBB68 /* first.ino */,
			);
			path = first;
			sourceTree = "<group>";
		};
/* End PBXGroup section */

/* Begin PBXProject section */
		29647BBB253C42A5003CBA13 /* Project object */ = {
			isa = PBXProject;
			attributes = {
				LastUpgradeCheck = 1210;
			};
			buildConfigurationList = 29647BBE253C42A5003CBA13 /* Build configuration list for PBXProject "NGEngineControl" */;
			compatibilityVersion = "Xcode 9.3";
			developmentRegion = en;
			hasScannedForEncodings = 0;
			knownRegions = (
				en,
				Base,
			);
			mainGroup = 29647BBA253C42A5003CBA13;
			projectDirPath = "";
			projectRoot = "";
			targets = (
			);
		};
/* End PBXProject section */

/* Begin XCBuildConfiguration section */
		29647BBF253C42A5003CBA13 /* Debug */ = {
			isa = XCBuildConfiguration;
			buildSettings = {
				CLANG_WARN_BLOCK_CAPTURE_AUTORELEASING = YES;
				CLANG_WARN_BOOL_CONVERSION = YES;
				CLANG_WARN_COMMA = YES;
				CLANG_WARN_CONSTANT_CONVERSION = YES;
				CLANG_WARN_DEPRECATED_OBJC_IMPLEMENTATIONS = YES;
				CLANG_WARN_EMPTY_BODY = YES;
				CLANG_WARN_ENUM_CONVERSION = YES;
				CLANG_WARN_INFINITE_RECURSION = YES;
				CLANG_WARN_INT_CONVERSION = YES;
				CLANG_WARN_NON_LITERAL_NULL_CONVERSION = YES;
				CLANG_WARN_OBJC_IMPLICIT_RETAIN_SELF = YES;
				CLANG_WARN_OBJC_LITERAL_CONVERSION = YES;
				CLANG_WARN_QUOTED_INCLUDE_IN_FRAMEWORK_HEADER = YES;
				CLANG_WARN_RANGE_LOOP_ANALYSIS = YES;
				CLANG_WARN_STRICT_PROTOTYPES = YES;
				CLANG_WARN_SUSPICIOUS_MOVE = YES;
				CLANG_WARN_UNREACHABLE_CODE = YES;
				CLANG_WARN__DUPLICATE_METHOD_MATCH = YES;
				ENABLE_STRICT_OBJC_MSGSEND = YES;
				ENABLE_TESTABILITY = YES;
				GCC_NO_COMMON_BLOCKS = YES;
				GCC_WARN_64_TO_32_BIT_CONVERSION = YES;
				GCC_WARN_ABOUT_RETURN_TYPE = YES;
				GCC_WARN_UNDECLARED_SELECTOR = YES;
				GCC_WARN_UNINITIALIZED_AUTOS = YES;
				GCC_WARN_UNUSED_FUNCTION = YES;
				GCC_WARN_UNUSED_VARIABLE = YES;
				ONLY_ACTIVE_ARCH = YES;
			};
			name = Debug;
		};
		29647BC0253C42A5003CBA13 /* Release */ = {
			isa = XCBuildConfiguration;
			buildSettings = {
				CLANG_WARN_BLOCK_CAPTURE_AUTORELEASING = YES;
				CLANG_WARN_BOOL_CONVERSION = YES;
				CLANG_WARN_COMMA = YES;
				CLANG_WARN_CONSTANT_CONVERSION = YES;
				CLANG_WARN_DEPRECATED_OBJC_IMPLEMENTATIONS = YES;
				CLANG_WARN_EMPTY_BODY = YES;
				CLANG_WARN_ENUM_CONVERSION = YES;
				CLANG_WARN_INFINITE_RECURSION = YES;
				CLANG_WARN_INT_CONVERSION = YES;
				CLANG_WARN_NON_LITERAL_NULL_CONVERSION = YES;
				CLANG_WARN_OBJC_IMPLICIT_RETAIN_SELF = YES;
				CLANG_WARN_OBJC_LITERAL_CONVERSION = YES;
				CLANG_WARN_QUOTED_INCLUDE_IN_FRAMEWORK_HEADER = YES;
				CLANG_WARN_RANGE_LOOP_ANALYSIS = YES;
				CLANG_WARN_STRICT_PROTOTYPES = YES;
				CLANG_WARN_SUSPICIOUS_MOVE = YES;
				CLANG_WARN_UNREACHABLE_CODE = YES;
				CLANG_WARN__DUPLICATE_METHOD_MATCH = YES;
				ENABLE_STRICT_OBJC_MSGSEND = YES;
				GCC_NO_COMMON_BLOCKS = YES;
				GCC_WARN_64_TO_32_BIT_CONVERSION = YES;
				GCC_WARN_ABOUT_RETURN_TYPE = YES;
				GCC_WARN_UNDECLARED_SELECTOR = YES;
				GCC_WARN_UNINITIALIZED_AUTOS = YES;
				GCC_WARN_UNUSED_FUNCTION = YES;
				GCC_WARN_UNUSED_VARIABLE = YES;
			};
			name = Release;
		};
/* End XCBuildConfiguration section */

/* Begin XCConfigurationList section */
		29647BBE253C42A5003CBA13 /* Build configuration list for PBXProject "NGEngineControl" */ = {
			isa = XCConfigurationList;
			buildConfigurations = (
				29647BBF253C42A5003CBA13 /* Debug */,
				29647BC0253C42A5003CBA13 /* Release */,
			);
			defaultConfigurationIsVisible = 0;
			defaultConfigurationName = Release;
		};
/* End XCConfigurationList section */
	};
	rootObject = 29647BBB253C42A5003CBA13 /* Project object */;
}
